
Microsoft Visual Studio Solution File, Format Version 12.00
# Visual Studio Version 18
VisualStudioVersion = 18.3.11312.210 d18.3
MinimumVisualStudioVersion = 10.0.40219.1
Project("{2150E333-8FDC-42A3-9474-1A3956D46DE8}") = "解决方案项", "解决方案项", "{61C6DABF-289A-41CD-B85D-F0AA9D8C6947}"
	ProjectSection(SolutionItems) = preProject
		.editorconfig = .editorconfig
		CHANGELOG.md = CHANGELOG.md
		ColorVision.snk = ColorVision.snk
		Directory.Build.props = Directory.Build.props
		README.md = README.md
	EndProjectSection
EndProject
Project("{2150E333-8FDC-42A3-9474-1A3956D46DE8}") = "C++", "C++", "{106E1C5D-57C2-49F9-854D-A50BFFA88802}"
EndProject
Project("{8BC9CEB8-8B4A-11D0-8D11-00A0C91BC942}") = "opencv_helper", "Core\opencv_helper\opencv_helper.vcxproj", "{AA343239-476E-43E3-BEE3-D3313C883341}"
EndProject
Project("{2150E333-8FDC-42A3-9474-1A3956D46DE8}") = "UI", "UI", "{CC28D563-3E82-4852-82C0-A06609BB416C}"
EndProject
Project("{9A19103F-16F7-4668-BE54-9A1E7A4F7556}") = "ColorVision.Common", "UI\ColorVision.Common\ColorVision.Common.csproj", "{C8071225-73B5-4559-A22E-CD057B424A3C}"
EndProject
Project("{9A19103F-16F7-4668-BE54-9A1E7A4F7556}") = "ColorVision.Core", "UI\ColorVision.Core\ColorVision.Core.csproj", "{F5A74929-90C7-407C-87F4-D2176ACC2ACC}"
EndProject
Project("{9A19103F-16F7-4668-BE54-9A1E7A4F7556}") = "ColorVision.Themes", "UI\ColorVision.Themes\ColorVision.Themes.csproj", "{64AAF73B-1782-4D82-AEB5-868E21516768}"
EndProject
Project("{9A19103F-16F7-4668-BE54-9A1E7A4F7556}") = "ColorVision.UI", "UI\ColorVision.UI\ColorVision.UI.csproj", "{FF7ACD54-F730-4F7E-9F58-8B290883ACB7}"
EndProject
Project("{9A19103F-16F7-4668-BE54-9A1E7A4F7556}") = "ColorVision.ImageEditor", "UI\ColorVision.ImageEditor\ColorVision.ImageEditor.csproj", "{B5D3A18A-0E0E-4818-A3B5-5AA7AA9B3D25}"
EndProject
Project("{9A19103F-16F7-4668-BE54-9A1E7A4F7556}") = "ColorVision.Scheduler", "UI\ColorVision.Scheduler\ColorVision.Scheduler.csproj", "{8E0942C0-BE69-4092-BA4C-D84D6EC37576}"
EndProject
Project("{9A19103F-16F7-4668-BE54-9A1E7A4F7556}") = "ColorVision.Solution", "UI\ColorVision.Solution\ColorVision.Solution.csproj", "{01B0715F-F5DE-4B00-9E0E-7E257782CD85}"
EndProject
Project("{2150E333-8FDC-42A3-9474-1A3956D46DE8}") = "Engine", "Engine", "{9A311925-FBEF-4A49-A392-9CA8DDAF4F40}"
EndProject
Project("{9A19103F-16F7-4668-BE54-9A1E7A4F7556}") = "cvColorVision", "Engine\cvColorVision\cvColorVision.csproj", "{B0FCEFDD-8C2F-4CF4-BAA6-95CDB73A1694}"
EndProject
Project("{8BC9CEB8-8B4A-11D0-8D11-00A0C91BC942}") = "ColorVisionIcons64", "Core\ColorVisionIcons64\ColorVisionIcons64.vcxproj", "{87FFB8BB-20C4-4D0D-8EF6-A39B0C14FF3A}"
EndProject
Project("{9A19103F-16F7-4668-BE54-9A1E7A4F7556}") = "ColorVision.Engine", "Engine\ColorVision.Engine\ColorVision.Engine.csproj", "{DACD2EB5-0B07-4B20-BED4-5158902E1105}"
EndProject
Project("{9A19103F-16F7-4668-BE54-9A1E7A4F7556}") = "ColorVision", "ColorVision\ColorVision.csproj", "{AD038578-6456-48BF-9379-151DCBE9DBF5}"
EndProject
Project("{2150E333-8FDC-42A3-9474-1A3956D46DE8}") = "Plugins", "Plugins", "{44BA4462-A1C2-4384-810F-A39D12EA216C}"
EndProject
Project("{9A19103F-16F7-4668-BE54-9A1E7A4F7556}") = "WindowsServicePlugin", "Plugins\WindowsServicePlugin\WindowsServicePlugin.csproj", "{289B350A-0052-47D2-B93E-1FDAA526B507}"
EndProject
Project("{FAE04EC0-301F-11D3-BF4B-00C04F79EFBC}") = "ColorVision.SocketProtocol", "UI\ColorVision.SocketProtocol\ColorVision.SocketProtocol.csproj", "{301C9DC7-916C-BCE1-DC85-6800F2C5BB30}"
EndProject
Project("{FAE04EC0-301F-11D3-BF4B-00C04F79EFBC}") = "ColorVision.FileIO", "Engine\ColorVision.FileIO\ColorVision.FileIO.csproj", "{8716CF0F-7104-1CCD-8D2A-EA9963ABC719}"
EndProject
Project("{FAE04EC0-301F-11D3-BF4B-00C04F79EFBC}") = "ColorVision.Database", "UI\ColorVision.Database\ColorVision.Database.csproj", "{44CA6B5C-6BB5-0003-6D7B-3A021B63494A}"
EndProject
Project("{FAE04EC0-301F-11D3-BF4B-00C04F79EFBC}") = "FlowEngineLib", "Engine\FlowEngineLib\FlowEngineLib.csproj", "{8C3BDD69-584C-3C95-6157-1EA50C7B1CD6}"
EndProject
Project("{FAE04EC0-301F-11D3-BF4B-00C04F79EFBC}") = "ST.Library.UI", "Engine\ST.Library.UI\ST.Library.UI.csproj", "{4B33902B-4B3B-C996-E3A1-70FAF9CA5511}"
EndProject
Project("{FAE04EC0-301F-11D3-BF4B-00C04F79EFBC}") = "ColorVision.UI.Desktop", "UI\ColorVision.UI.Desktop\ColorVision.UI.Desktop.csproj", "{5B3FAF15-D0A1-81B8-82B4-6C1EE465D76C}"
EndProject
Global
	GlobalSection(SolutionConfigurationPlatforms) = preSolution
		Debug|Any CPU = Debug|Any CPU
		Debug|ARM64 = Debug|ARM64
		Debug|x64 = Debug|x64
		Debug|x86 = Debug|x86
		Release|Any CPU = Release|Any CPU
		Release|ARM64 = Release|ARM64
		Release|x64 = Release|x64
		Release|x86 = Release|x86
	EndGlobalSection
	GlobalSection(ProjectConfigurationPlatforms) = postSolution
		{AA343239-476E-43E3-BEE3-D3313C883341}.Debug|Any CPU.ActiveCfg = Debug|x64
		{AA343239-476E-43E3-BEE3-D3313C883341}.Debug|Any CPU.Build.0 = Debug|x64
		{AA343239-476E-43E3-BEE3-D3313C883341}.Debug|ARM64.ActiveCfg = Debug|x64
		{AA343239-476E-43E3-BEE3-D3313C883341}.Debug|ARM64.Build.0 = Debug|x64
		{AA343239-476E-43E3-BEE3-D3313C883341}.Debug|x64.ActiveCfg = Debug|x64
		{AA343239-476E-43E3-BEE3-D3313C883341}.Debug|x64.Build.0 = Debug|x64
		{AA343239-476E-43E3-BEE3-D3313C883341}.Debug|x86.ActiveCfg = Debug|Win32
		{AA343239-476E-43E3-BEE3-D3313C883341}.Debug|x86.Build.0 = Debug|Win32
		{AA343239-476E-43E3-BEE3-D3313C883341}.Release|Any CPU.ActiveCfg = Release|x64
		{AA343239-476E-43E3-BEE3-D3313C883341}.Release|Any CPU.Build.0 = Release|x64
		{AA343239-476E-43E3-BEE3-D3313C883341}.Release|ARM64.ActiveCfg = Release|x64
		{AA343239-476E-43E3-BEE3-D3313C883341}.Release|ARM64.Build.0 = Release|x64
		{AA343239-476E-43E3-BEE3-D3313C883341}.Release|x64.ActiveCfg = Release|x64
		{AA343239-476E-43E3-BEE3-D3313C883341}.Release|x64.Build.0 = Release|x64
		{AA343239-476E-43E3-BEE3-D3313C883341}.Release|x86.ActiveCfg = Release|Win32
		{AA343239-476E-43E3-BEE3-D3313C883341}.Release|x86.Build.0 = Release|Win32
		{C8071225-73B5-4559-A22E-CD057B424A3C}.Debug|Any CPU.ActiveCfg = Debug|x64
		{C8071225-73B5-4559-A22E-CD057B424A3C}.Debug|Any CPU.Build.0 = Debug|x64
		{C8071225-73B5-4559-A22E-CD057B424A3C}.Debug|ARM64.ActiveCfg = Debug|ARM64
		{C8071225-73B5-4559-A22E-CD057B424A3C}.Debug|ARM64.Build.0 = Debug|ARM64
		{C8071225-73B5-4559-A22E-CD057B424A3C}.Debug|x64.ActiveCfg = Debug|x64
		{C8071225-73B5-4559-A22E-CD057B424A3C}.Debug|x64.Build.0 = Debug|x64
		{C8071225-73B5-4559-A22E-CD057B424A3C}.Debug|x86.ActiveCfg = Debug|x64
		{C8071225-73B5-4559-A22E-CD057B424A3C}.Debug|x86.Build.0 = Debug|x64
		{C8071225-73B5-4559-A22E-CD057B424A3C}.Release|Any CPU.ActiveCfg = Release|x64
		{C8071225-73B5-4559-A22E-CD057B424A3C}.Release|Any CPU.Build.0 = Release|x64
		{C8071225-73B5-4559-A22E-CD057B424A3C}.Release|ARM64.ActiveCfg = Release|ARM64
		{C8071225-73B5-4559-A22E-CD057B424A3C}.Release|ARM64.Build.0 = Release|ARM64
		{C8071225-73B5-4559-A22E-CD057B424A3C}.Release|x64.ActiveCfg = Release|x64
		{C8071225-73B5-4559-A22E-CD057B424A3C}.Release|x64.Build.0 = Release|x64
		{C8071225-73B5-4559-A22E-CD057B424A3C}.Release|x86.ActiveCfg = Release|x64
		{C8071225-73B5-4559-A22E-CD057B424A3C}.Release|x86.Build.0 = Release|x64
		{F5A74929-90C7-407C-87F4-D2176ACC2ACC}.Debug|Any CPU.ActiveCfg = Debug|x64
		{F5A74929-90C7-407C-87F4-D2176ACC2ACC}.Debug|Any CPU.Build.0 = Debug|x64
		{F5A74929-90C7-407C-87F4-D2176ACC2ACC}.Debug|ARM64.ActiveCfg = Debug|ARM64
		{F5A74929-90C7-407C-87F4-D2176ACC2ACC}.Debug|ARM64.Build.0 = Debug|ARM64
		{F5A74929-90C7-407C-87F4-D2176ACC2ACC}.Debug|x64.ActiveCfg = Debug|x64
		{F5A74929-90C7-407C-87F4-D2176ACC2ACC}.Debug|x64.Build.0 = Debug|x64
		{F5A74929-90C7-407C-87F4-D2176ACC2ACC}.Debug|x86.ActiveCfg = Debug|x64
		{F5A74929-90C7-407C-87F4-D2176ACC2ACC}.Debug|x86.Build.0 = Debug|x64
		{F5A74929-90C7-407C-87F4-D2176ACC2ACC}.Release|Any CPU.ActiveCfg = Release|x64
		{F5A74929-90C7-407C-87F4-D2176ACC2ACC}.Release|Any CPU.Build.0 = Release|x64
		{F5A74929-90C7-407C-87F4-D2176ACC2ACC}.Release|ARM64.ActiveCfg = Release|ARM64
		{F5A74929-90C7-407C-87F4-D2176ACC2ACC}.Release|ARM64.Build.0 = Release|ARM64
		{F5A74929-90C7-407C-87F4-D2176ACC2ACC}.Release|x64.ActiveCfg = Release|x64
		{F5A74929-90C7-407C-87F4-D2176ACC2ACC}.Release|x64.Build.0 = Release|x64
		{F5A74929-90C7-407C-87F4-D2176ACC2ACC}.Release|x86.ActiveCfg = Release|x64
		{F5A74929-90C7-407C-87F4-D2176ACC2ACC}.Release|x86.Build.0 = Release|x64
		{64AAF73B-1782-4D82-AEB5-868E21516768}.Debug|Any CPU.ActiveCfg = Debug|x64
		{64AAF73B-1782-4D82-AEB5-868E21516768}.Debug|Any CPU.Build.0 = Debug|x64
		{64AAF73B-1782-4D82-AEB5-868E21516768}.Debug|ARM64.ActiveCfg = Debug|ARM64
		{64AAF73B-1782-4D82-AEB5-868E21516768}.Debug|ARM64.Build.0 = Debug|ARM64
		{64AAF73B-1782-4D82-AEB5-868E21516768}.Debug|x64.ActiveCfg = Debug|x64
		{64AAF73B-1782-4D82-AEB5-868E21516768}.Debug|x64.Build.0 = Debug|x64
		{64AAF73B-1782-4D82-AEB5-868E21516768}.Debug|x86.ActiveCfg = Debug|x64
		{64AAF73B-1782-4D82-AEB5-868E21516768}.Debug|x86.Build.0 = Debug|x64
		{64AAF73B-1782-4D82-AEB5-868E21516768}.Release|Any CPU.ActiveCfg = Release|x64
		{64AAF73B-1782-4D82-AEB5-868E21516768}.Release|Any CPU.Build.0 = Release|x64
		{64AAF73B-1782-4D82-AEB5-868E21516768}.Release|ARM64.ActiveCfg = Release|ARM64
		{64AAF73B-1782-4D82-AEB5-868E21516768}.Release|ARM64.Build.0 = Release|ARM64
		{64AAF73B-1782-4D82-AEB5-868E21516768}.Release|x64.ActiveCfg = Release|x64
		{64AAF73B-1782-4D82-AEB5-868E21516768}.Release|x64.Build.0 = Release|x64
		{64AAF73B-1782-4D82-AEB5-868E21516768}.Release|x86.ActiveCfg = Release|x64
		{64AAF73B-1782-4D82-AEB5-868E21516768}.Release|x86.Build.0 = Release|x64
		{FF7ACD54-F730-4F7E-9F58-8B290883ACB7}.Debug|Any CPU.ActiveCfg = Debug|x64
		{FF7ACD54-F730-4F7E-9F58-8B290883ACB7}.Debug|Any CPU.Build.0 = Debug|x64
		{FF7ACD54-F730-4F7E-9F58-8B290883ACB7}.Debug|ARM64.ActiveCfg = Debug|ARM64
		{FF7ACD54-F730-4F7E-9F58-8B290883ACB7}.Debug|ARM64.Build.0 = Debug|ARM64
		{FF7ACD54-F730-4F7E-9F58-8B290883ACB7}.Debug|x64.ActiveCfg = Debug|x64
		{FF7ACD54-F730-4F7E-9F58-8B290883ACB7}.Debug|x64.Build.0 = Debug|x64
		{FF7ACD54-F730-4F7E-9F58-8B290883ACB7}.Debug|x86.ActiveCfg = Debug|x64
		{FF7ACD54-F730-4F7E-9F58-8B290883ACB7}.Debug|x86.Build.0 = Debug|x64
		{FF7ACD54-F730-4F7E-9F58-8B290883ACB7}.Release|Any CPU.ActiveCfg = Release|x64
		{FF7ACD54-F730-4F7E-9F58-8B290883ACB7}.Release|Any CPU.Build.0 = Release|x64
		{FF7ACD54-F730-4F7E-9F58-8B290883ACB7}.Release|ARM64.ActiveCfg = Release|ARM64
		{FF7ACD54-F730-4F7E-9F58-8B290883ACB7}.Release|ARM64.Build.0 = Release|ARM64
		{FF7ACD54-F730-4F7E-9F58-8B290883ACB7}.Release|x64.ActiveCfg = Release|x64
		{FF7ACD54-F730-4F7E-9F58-8B290883ACB7}.Release|x64.Build.0 = Release|x64
		{FF7ACD54-F730-4F7E-9F58-8B290883ACB7}.Release|x86.ActiveCfg = Release|x64
		{FF7ACD54-F730-4F7E-9F58-8B290883ACB7}.Release|x86.Build.0 = Release|x64
		{B5D3A18A-0E0E-4818-A3B5-5AA7AA9B3D25}.Debug|Any CPU.ActiveCfg = Debug|x64
		{B5D3A18A-0E0E-4818-A3B5-5AA7AA9B3D25}.Debug|Any CPU.Build.0 = Debug|x64
		{B5D3A18A-0E0E-4818-A3B5-5AA7AA9B3D25}.Debug|ARM64.ActiveCfg = Debug|ARM64
		{B5D3A18A-0E0E-4818-A3B5-5AA7AA9B3D25}.Debug|ARM64.Build.0 = Debug|ARM64
		{B5D3A18A-0E0E-4818-A3B5-5AA7AA9B3D25}.Debug|x64.ActiveCfg = Debug|x64
		{B5D3A18A-0E0E-4818-A3B5-5AA7AA9B3D25}.Debug|x64.Build.0 = Debug|x64
		{B5D3A18A-0E0E-4818-A3B5-5AA7AA9B3D25}.Debug|x86.ActiveCfg = Debug|x64
		{B5D3A18A-0E0E-4818-A3B5-5AA7AA9B3D25}.Debug|x86.Build.0 = Debug|x64
		{B5D3A18A-0E0E-4818-A3B5-5AA7AA9B3D25}.Release|Any CPU.ActiveCfg = Release|x64
		{B5D3A18A-0E0E-4818-A3B5-5AA7AA9B3D25}.Release|Any CPU.Build.0 = Release|x64
		{B5D3A18A-0E0E-4818-A3B5-5AA7AA9B3D25}.Release|ARM64.ActiveCfg = Release|ARM64
		{B5D3A18A-0E0E-4818-A3B5-5AA7AA9B3D25}.Release|ARM64.Build.0 = Release|ARM64
		{B5D3A18A-0E0E-4818-A3B5-5AA7AA9B3D25}.Release|x64.ActiveCfg = Release|x64
		{B5D3A18A-0E0E-4818-A3B5-5AA7AA9B3D25}.Release|x64.Build.0 = Release|x64
		{B5D3A18A-0E0E-4818-A3B5-5AA7AA9B3D25}.Release|x86.ActiveCfg = Release|x64
		{B5D3A18A-0E0E-4818-A3B5-5AA7AA9B3D25}.Release|x86.Build.0 = Release|x64
		{8E0942C0-BE69-4092-BA4C-D84D6EC37576}.Debug|Any CPU.ActiveCfg = Debug|x64
		{8E0942C0-BE69-4092-BA4C-D84D6EC37576}.Debug|Any CPU.Build.0 = Debug|x64
		{8E0942C0-BE69-4092-BA4C-D84D6EC37576}.Debug|ARM64.ActiveCfg = Debug|ARM64
		{8E0942C0-BE69-4092-BA4C-D84D6EC37576}.Debug|ARM64.Build.0 = Debug|ARM64
		{8E0942C0-BE69-4092-BA4C-D84D6EC37576}.Debug|x64.ActiveCfg = Debug|x64
		{8E0942C0-BE69-4092-BA4C-D84D6EC37576}.Debug|x64.Build.0 = Debug|x64
		{8E0942C0-BE69-4092-BA4C-D84D6EC37576}.Debug|x86.ActiveCfg = Debug|x64
		{8E0942C0-BE69-4092-BA4C-D84D6EC37576}.Debug|x86.Build.0 = Debug|x64
		{8E0942C0-BE69-4092-BA4C-D84D6EC37576}.Release|Any CPU.ActiveCfg = Release|x64
		{8E0942C0-BE69-4092-BA4C-D84D6EC37576}.Release|Any CPU.Build.0 = Release|x64
		{8E0942C0-BE69-4092-BA4C-D84D6EC37576}.Release|ARM64.ActiveCfg = Release|ARM64
		{8E0942C0-BE69-4092-BA4C-D84D6EC37576}.Release|ARM64.Build.0 = Release|ARM64
		{8E0942C0-BE69-4092-BA4C-D84D6EC37576}.Release|x64.ActiveCfg = Release|x64
		{8E0942C0-BE69-4092-BA4C-D84D6EC37576}.Release|x64.Build.0 = Release|x64
		{8E0942C0-BE69-4092-BA4C-D84D6EC37576}.Release|x86.ActiveCfg = Release|x64
		{8E0942C0-BE69-4092-BA4C-D84D6EC37576}.Release|x86.Build.0 = Release|x64
		{01B0715F-F5DE-4B00-9E0E-7E257782CD85}.Debug|Any CPU.ActiveCfg = Debug|x64
		{01B0715F-F5DE-4B00-9E0E-7E257782CD85}.Debug|Any CPU.Build.0 = Debug|x64
		{01B0715F-F5DE-4B00-9E0E-7E257782CD85}.Debug|ARM64.ActiveCfg = Debug|ARM64
		{01B0715F-F5DE-4B00-9E0E-7E257782CD85}.Debug|ARM64.Build.0 = Debug|ARM64
		{01B0715F-F5DE-4B00-9E0E-7E257782CD85}.Debug|x64.ActiveCfg = Debug|x64
		{01B0715F-F5DE-4B00-9E0E-7E257782CD85}.Debug|x64.Build.0 = Debug|x64
		{01B0715F-F5DE-4B00-9E0E-7E257782CD85}.Debug|x86.ActiveCfg = Debug|x64
		{01B0715F-F5DE-4B00-9E0E-7E257782CD85}.Debug|x86.Build.0 = Debug|x64
		{01B0715F-F5DE-4B00-9E0E-7E257782CD85}.Release|Any CPU.ActiveCfg = Release|x64
		{01B0715F-F5DE-4B00-9E0E-7E257782CD85}.Release|Any CPU.Build.0 = Release|x64
		{01B0715F-F5DE-4B00-9E0E-7E257782CD85}.Release|ARM64.ActiveCfg = Release|ARM64
		{01B0715F-F5DE-4B00-9E0E-7E257782CD85}.Release|ARM64.Build.0 = Release|ARM64
		{01B0715F-F5DE-4B00-9E0E-7E257782CD85}.Release|x64.ActiveCfg = Release|x64
		{01B0715F-F5DE-4B00-9E0E-7E257782CD85}.Release|x64.Build.0 = Release|x64
		{01B0715F-F5DE-4B00-9E0E-7E257782CD85}.Release|x86.ActiveCfg = Release|x64
		{01B0715F-F5DE-4B00-9E0E-7E257782CD85}.Release|x86.Build.0 = Release|x64
		{B0FCEFDD-8C2F-4CF4-BAA6-95CDB73A1694}.Debug|Any CPU.ActiveCfg = Debug|x64
		{B0FCEFDD-8C2F-4CF4-BAA6-95CDB73A1694}.Debug|Any CPU.Build.0 = Debug|x64
		{B0FCEFDD-8C2F-4CF4-BAA6-95CDB73A1694}.Debug|ARM64.ActiveCfg = Debug|ARM64
		{B0FCEFDD-8C2F-4CF4-BAA6-95CDB73A1694}.Debug|ARM64.Build.0 = Debug|ARM64
		{B0FCEFDD-8C2F-4CF4-BAA6-95CDB73A1694}.Debug|x64.ActiveCfg = Debug|x64
		{B0FCEFDD-8C2F-4CF4-BAA6-95CDB73A1694}.Debug|x64.Build.0 = Debug|x64
		{B0FCEFDD-8C2F-4CF4-BAA6-95CDB73A1694}.Debug|x86.ActiveCfg = Debug|x64
		{B0FCEFDD-8C2F-4CF4-BAA6-95CDB73A1694}.Debug|x86.Build.0 = Debug|x64
		{B0FCEFDD-8C2F-4CF4-BAA6-95CDB73A1694}.Release|Any CPU.ActiveCfg = Release|x64
		{B0FCEFDD-8C2F-4CF4-BAA6-95CDB73A1694}.Release|Any CPU.Build.0 = Release|x64
		{B0FCEFDD-8C2F-4CF4-BAA6-95CDB73A1694}.Release|ARM64.ActiveCfg = Release|ARM64
		{B0FCEFDD-8C2F-4CF4-BAA6-95CDB73A1694}.Release|ARM64.Build.0 = Release|ARM64
		{B0FCEFDD-8C2F-4CF4-BAA6-95CDB73A1694}.Release|x64.ActiveCfg = Release|x64
		{B0FCEFDD-8C2F-4CF4-BAA6-95CDB73A1694}.Release|x64.Build.0 = Release|x64
		{B0FCEFDD-8C2F-4CF4-BAA6-95CDB73A1694}.Release|x86.ActiveCfg = Release|x64
		{B0FCEFDD-8C2F-4CF4-BAA6-95CDB73A1694}.Release|x86.Build.0 = Release|x64
		{87FFB8BB-20C4-4D0D-8EF6-A39B0C14FF3A}.Debug|Any CPU.ActiveCfg = Debug|x64
		{87FFB8BB-20C4-4D0D-8EF6-A39B0C14FF3A}.Debug|Any CPU.Build.0 = Debug|x64
		{87FFB8BB-20C4-4D0D-8EF6-A39B0C14FF3A}.Debug|ARM64.ActiveCfg = Debug|x64
		{87FFB8BB-20C4-4D0D-8EF6-A39B0C14FF3A}.Debug|ARM64.Build.0 = Debug|x64
		{87FFB8BB-20C4-4D0D-8EF6-A39B0C14FF3A}.Debug|x64.ActiveCfg = Debug|x64
		{87FFB8BB-20C4-4D0D-8EF6-A39B0C14FF3A}.Debug|x64.Build.0 = Debug|x64
		{87FFB8BB-20C4-4D0D-8EF6-A39B0C14FF3A}.Debug|x86.ActiveCfg = Debug|Win32
		{87FFB8BB-20C4-4D0D-8EF6-A39B0C14FF3A}.Debug|x86.Build.0 = Debug|Win32
		{87FFB8BB-20C4-4D0D-8EF6-A39B0C14FF3A}.Release|Any CPU.ActiveCfg = Release|x64
		{87FFB8BB-20C4-4D0D-8EF6-A39B0C14FF3A}.Release|Any CPU.Build.0 = Release|x64
		{87FFB8BB-20C4-4D0D-8EF6-A39B0C14FF3A}.Release|ARM64.ActiveCfg = Release|x64
		{87FFB8BB-20C4-4D0D-8EF6-A39B0C14FF3A}.Release|ARM64.Build.0 = Release|x64
		{87FFB8BB-20C4-4D0D-8EF6-A39B0C14FF3A}.Release|x64.ActiveCfg = Release|x64
		{87FFB8BB-20C4-4D0D-8EF6-A39B0C14FF3A}.Release|x64.Build.0 = Release|x64
		{87FFB8BB-20C4-4D0D-8EF6-A39B0C14FF3A}.Release|x86.ActiveCfg = Release|Win32
		{87FFB8BB-20C4-4D0D-8EF6-A39B0C14FF3A}.Release|x86.Build.0 = Release|Win32
		{DACD2EB5-0B07-4B20-BED4-5158902E1105}.Debug|Any CPU.ActiveCfg = Debug|x64
		{DACD2EB5-0B07-4B20-BED4-5158902E1105}.Debug|Any CPU.Build.0 = Debug|x64
		{DACD2EB5-0B07-4B20-BED4-5158902E1105}.Debug|ARM64.ActiveCfg = Debug|ARM64
		{DACD2EB5-0B07-4B20-BED4-5158902E1105}.Debug|ARM64.Build.0 = Debug|ARM64
		{DACD2EB5-0B07-4B20-BED4-5158902E1105}.Debug|x64.ActiveCfg = Debug|x64
		{DACD2EB5-0B07-4B20-BED4-5158902E1105}.Debug|x64.Build.0 = Debug|x64
		{DACD2EB5-0B07-4B20-BED4-5158902E1105}.Debug|x86.ActiveCfg = Debug|x64
		{DACD2EB5-0B07-4B20-BED4-5158902E1105}.Debug|x86.Build.0 = Debug|x64
		{DACD2EB5-0B07-4B20-BED4-5158902E1105}.Release|Any CPU.ActiveCfg = Release|x64
		{DACD2EB5-0B07-4B20-BED4-5158902E1105}.Release|Any CPU.Build.0 = Release|x64
		{DACD2EB5-0B07-4B20-BED4-5158902E1105}.Release|ARM64.ActiveCfg = Release|ARM64
		{DACD2EB5-0B07-4B20-BED4-5158902E1105}.Release|ARM64.Build.0 = Release|ARM64
		{DACD2EB5-0B07-4B20-BED4-5158902E1105}.Release|x64.ActiveCfg = Release|x64
		{DACD2EB5-0B07-4B20-BED4-5158902E1105}.Release|x64.Build.0 = Release|x64
		{DACD2EB5-0B07-4B20-BED4-5158902E1105}.Release|x86.ActiveCfg = Release|x64
		{DACD2EB5-0B07-4B20-BED4-5158902E1105}.Release|x86.Build.0 = Release|x64
		{AD038578-6456-48BF-9379-151DCBE9DBF5}.Debug|Any CPU.ActiveCfg = Debug|x64
		{AD038578-6456-48BF-9379-151DCBE9DBF5}.Debug|Any CPU.Build.0 = Debug|x64
		{AD038578-6456-48BF-9379-151DCBE9DBF5}.Debug|ARM64.ActiveCfg = Debug|Any CPU
		{AD038578-6456-48BF-9379-151DCBE9DBF5}.Debug|ARM64.Build.0 = Debug|Any CPU
		{AD038578-6456-48BF-9379-151DCBE9DBF5}.Debug|x64.ActiveCfg = Debug|x64
		{AD038578-6456-48BF-9379-151DCBE9DBF5}.Debug|x64.Build.0 = Debug|x64
		{AD038578-6456-48BF-9379-151DCBE9DBF5}.Debug|x86.ActiveCfg = Debug|Any CPU
		{AD038578-6456-48BF-9379-151DCBE9DBF5}.Debug|x86.Build.0 = Debug|Any CPU
		{AD038578-6456-48BF-9379-151DCBE9DBF5}.Release|Any CPU.ActiveCfg = Release|Any CPU
		{AD038578-6456-48BF-9379-151DCBE9DBF5}.Release|Any CPU.Build.0 = Release|Any CPU
		{AD038578-6456-48BF-9379-151DCBE9DBF5}.Release|ARM64.ActiveCfg = Release|Any CPU
		{AD038578-6456-48BF-9379-151DCBE9DBF5}.Release|ARM64.Build.0 = Release|Any CPU
		{AD038578-6456-48BF-9379-151DCBE9DBF5}.Release|x64.ActiveCfg = Release|x64
		{AD038578-6456-48BF-9379-151DCBE9DBF5}.Release|x64.Build.0 = Release|x64
		{AD038578-6456-48BF-9379-151DCBE9DBF5}.Release|x86.ActiveCfg = Release|Any CPU
		{AD038578-6456-48BF-9379-151DCBE9DBF5}.Release|x86.Build.0 = Release|Any CPU
		{289B350A-0052-47D2-B93E-1FDAA526B507}.Debug|Any CPU.ActiveCfg = Debug|x64
		{289B350A-0052-47D2-B93E-1FDAA526B507}.Debug|Any CPU.Build.0 = Debug|x64
		{289B350A-0052-47D2-B93E-1FDAA526B507}.Debug|ARM64.ActiveCfg = Debug|ARM64
		{289B350A-0052-47D2-B93E-1FDAA526B507}.Debug|ARM64.Build.0 = Debug|ARM64
		{289B350A-0052-47D2-B93E-1FDAA526B507}.Debug|x64.ActiveCfg = Debug|x64
		{289B350A-0052-47D2-B93E-1FDAA526B507}.Debug|x64.Build.0 = Debug|x64
		{289B350A-0052-47D2-B93E-1FDAA526B507}.Debug|x86.ActiveCfg = Debug|x64
		{289B350A-0052-47D2-B93E-1FDAA526B507}.Debug|x86.Build.0 = Debug|x64
		{289B350A-0052-47D2-B93E-1FDAA526B507}.Release|Any CPU.ActiveCfg = Release|x64
		{289B350A-0052-47D2-B93E-1FDAA526B507}.Release|Any CPU.Build.0 = Release|x64
		{289B350A-0052-47D2-B93E-1FDAA526B507}.Release|ARM64.ActiveCfg = Release|ARM64
		{289B350A-0052-47D2-B93E-1FDAA526B507}.Release|ARM64.Build.0 = Release|ARM64
		{289B350A-0052-47D2-B93E-1FDAA526B507}.Release|x64.ActiveCfg = Release|x64
		{289B350A-0052-47D2-B93E-1FDAA526B507}.Release|x64.Build.0 = Release|x64
		{289B350A-0052-47D2-B93E-1FDAA526B507}.Release|x86.ActiveCfg = Release|x64
		{289B350A-0052-47D2-B93E-1FDAA526B507}.Release|x86.Build.0 = Release|x64
		{301C9DC7-916C-BCE1-DC85-6800F2C5BB30}.Debug|Any CPU.ActiveCfg = Debug|x64
		{301C9DC7-916C-BCE1-DC85-6800F2C5BB30}.Debug|Any CPU.Build.0 = Debug|x64
		{301C9DC7-916C-BCE1-DC85-6800F2C5BB30}.Debug|ARM64.ActiveCfg = Debug|ARM64
		{301C9DC7-916C-BCE1-DC85-6800F2C5BB30}.Debug|ARM64.Build.0 = Debug|ARM64
		{301C9DC7-916C-BCE1-DC85-6800F2C5BB30}.Debug|x64.ActiveCfg = Debug|x64
		{301C9DC7-916C-BCE1-DC85-6800F2C5BB30}.Debug|x64.Build.0 = Debug|x64
		{301C9DC7-916C-BCE1-DC85-6800F2C5BB30}.Debug|x86.ActiveCfg = Debug|x64
		{301C9DC7-916C-BCE1-DC85-6800F2C5BB30}.Debug|x86.Build.0 = Debug|x64
		{301C9DC7-916C-BCE1-DC85-6800F2C5BB30}.Release|Any CPU.ActiveCfg = Release|x64
		{301C9DC7-916C-BCE1-DC85-6800F2C5BB30}.Release|Any CPU.Build.0 = Release|x64
		{301C9DC7-916C-BCE1-DC85-6800F2C5BB30}.Release|ARM64.ActiveCfg = Release|ARM64
		{301C9DC7-916C-BCE1-DC85-6800F2C5BB30}.Release|ARM64.Build.0 = Release|ARM64
		{301C9DC7-916C-BCE1-DC85-6800F2C5BB30}.Release|x64.ActiveCfg = Release|x64
		{301C9DC7-916C-BCE1-DC85-6800F2C5BB30}.Release|x64.Build.0 = Release|x64
		{301C9DC7-916C-BCE1-DC85-6800F2C5BB30}.Release|x86.ActiveCfg = Release|x64
		{301C9DC7-916C-BCE1-DC85-6800F2C5BB30}.Release|x86.Build.0 = Release|x64
		{8716CF0F-7104-1CCD-8D2A-EA9963ABC719}.Debug|Any CPU.ActiveCfg = Debug|x64
		{8716CF0F-7104-1CCD-8D2A-EA9963ABC719}.Debug|Any CPU.Build.0 = Debug|x64
		{8716CF0F-7104-1CCD-8D2A-EA9963ABC719}.Debug|ARM64.ActiveCfg = Debug|ARM64
		{8716CF0F-7104-1CCD-8D2A-EA9963ABC719}.Debug|ARM64.Build.0 = Debug|ARM64
		{8716CF0F-7104-1CCD-8D2A-EA9963ABC719}.Debug|x64.ActiveCfg = Debug|x64
		{8716CF0F-7104-1CCD-8D2A-EA9963ABC719}.Debug|x64.Build.0 = Debug|x64
		{8716CF0F-7104-1CCD-8D2A-EA9963ABC719}.Debug|x86.ActiveCfg = Debug|x64
		{8716CF0F-7104-1CCD-8D2A-EA9963ABC719}.Debug|x86.Build.0 = Debug|x64
		{8716CF0F-7104-1CCD-8D2A-EA9963ABC719}.Release|Any CPU.ActiveCfg = Release|x64
		{8716CF0F-7104-1CCD-8D2A-EA9963ABC719}.Release|Any CPU.Build.0 = Release|x64
		{8716CF0F-7104-1CCD-8D2A-EA9963ABC719}.Release|ARM64.ActiveCfg = Release|ARM64
		{8716CF0F-7104-1CCD-8D2A-EA9963ABC719}.Release|ARM64.Build.0 = Release|ARM64
		{8716CF0F-7104-1CCD-8D2A-EA9963ABC719}.Release|x64.ActiveCfg = Release|x64
		{8716CF0F-7104-1CCD-8D2A-EA9963ABC719}.Release|x64.Build.0 = Release|x64
		{8716CF0F-7104-1CCD-8D2A-EA9963ABC719}.Release|x86.ActiveCfg = Release|x64
		{8716CF0F-7104-1CCD-8D2A-EA9963ABC719}.Release|x86.Build.0 = Release|x64
		{44CA6B5C-6BB5-0003-6D7B-3A021B63494A}.Debug|Any CPU.ActiveCfg = Debug|x64
		{44CA6B5C-6BB5-0003-6D7B-3A021B63494A}.Debug|Any CPU.Build.0 = Debug|x64
		{44CA6B5C-6BB5-0003-6D7B-3A021B63494A}.Debug|ARM64.ActiveCfg = Debug|ARM64
		{44CA6B5C-6BB5-0003-6D7B-3A021B63494A}.Debug|ARM64.Build.0 = Debug|ARM64
		{44CA6B5C-6BB5-0003-6D7B-3A021B63494A}.Debug|x64.ActiveCfg = Debug|x64
		{44CA6B5C-6BB5-0003-6D7B-3A021B63494A}.Debug|x64.Build.0 = Debug|x64
		{44CA6B5C-6BB5-0003-6D7B-3A021B63494A}.Debug|x86.ActiveCfg = Debug|x64
		{44CA6B5C-6BB5-0003-6D7B-3A021B63494A}.Debug|x86.Build.0 = Debug|x64
		{44CA6B5C-6BB5-0003-6D7B-3A021B63494A}.Release|Any CPU.ActiveCfg = Release|x64
		{44CA6B5C-6BB5-0003-6D7B-3A021B63494A}.Release|Any CPU.Build.0 = Release|x64
		{44CA6B5C-6BB5-0003-6D7B-3A021B63494A}.Release|ARM64.ActiveCfg = Release|ARM64
		{44CA6B5C-6BB5-0003-6D7B-3A021B63494A}.Release|ARM64.Build.0 = Release|ARM64
		{44CA6B5C-6BB5-0003-6D7B-3A021B63494A}.Release|x64.ActiveCfg = Release|x64
		{44CA6B5C-6BB5-0003-6D7B-3A021B63494A}.Release|x64.Build.0 = Release|x64
		{44CA6B5C-6BB5-0003-6D7B-3A021B63494A}.Release|x86.ActiveCfg = Release|x64
		{44CA6B5C-6BB5-0003-6D7B-3A021B63494A}.Release|x86.Build.0 = Release|x64
		{8C3BDD69-584C-3C95-6157-1EA50C7B1CD6}.Debug|Any CPU.ActiveCfg = Debug|x64
		{8C3BDD69-584C-3C95-6157-1EA50C7B1CD6}.Debug|Any CPU.Build.0 = Debug|x64
		{8C3BDD69-584C-3C95-6157-1EA50C7B1CD6}.Debug|ARM64.ActiveCfg = Debug|ARM64
		{8C3BDD69-584C-3C95-6157-1EA50C7B1CD6}.Debug|ARM64.Build.0 = Debug|ARM64
		{8C3BDD69-584C-3C95-6157-1EA50C7B1CD6}.Debug|x64.ActiveCfg = Debug|x64
		{8C3BDD69-584C-3C95-6157-1EA50C7B1CD6}.Debug|x64.Build.0 = Debug|x64
		{8C3BDD69-584C-3C95-6157-1EA50C7B1CD6}.Debug|x86.ActiveCfg = Debug|x64
		{8C3BDD69-584C-3C95-6157-1EA50C7B1CD6}.Debug|x86.Build.0 = Debug|x64
		{8C3BDD69-584C-3C95-6157-1EA50C7B1CD6}.Release|Any CPU.ActiveCfg = Release|x64
		{8C3BDD69-584C-3C95-6157-1EA50C7B1CD6}.Release|Any CPU.Build.0 = Release|x64
		{8C3BDD69-584C-3C95-6157-1EA50C7B1CD6}.Release|ARM64.ActiveCfg = Release|ARM64
		{8C3BDD69-584C-3C95-6157-1EA50C7B1CD6}.Release|ARM64.Build.0 = Release|ARM64
		{8C3BDD69-584C-3C95-6157-1EA50C7B1CD6}.Release|x64.ActiveCfg = Release|x64
		{8C3BDD69-584C-3C95-6157-1EA50C7B1CD6}.Release|x64.Build.0 = Release|x64
		{8C3BDD69-584C-3C95-6157-1EA50C7B1CD6}.Release|x86.ActiveCfg = Release|x64
		{8C3BDD69-584C-3C95-6157-1EA50C7B1CD6}.Release|x86.Build.0 = Release|x64
		{4B33902B-4B3B-C996-E3A1-70FAF9CA5511}.Debug|Any CPU.ActiveCfg = Debug|x64
		{4B33902B-4B3B-C996-E3A1-70FAF9CA5511}.Debug|Any CPU.Build.0 = Debug|x64
		{4B33902B-4B3B-C996-E3A1-70FAF9CA5511}.Debug|ARM64.ActiveCfg = Debug|ARM64
		{4B33902B-4B3B-C996-E3A1-70FAF9CA5511}.Debug|ARM64.Build.0 = Debug|ARM64
		{4B33902B-4B3B-C996-E3A1-70FAF9CA5511}.Debug|x64.ActiveCfg = Debug|x64
		{4B33902B-4B3B-C996-E3A1-70FAF9CA5511}.Debug|x64.Build.0 = Debug|x64
		{4B33902B-4B3B-C996-E3A1-70FAF9CA5511}.Debug|x86.ActiveCfg = Debug|x64
		{4B33902B-4B3B-C996-E3A1-70FAF9CA5511}.Debug|x86.Build.0 = Debug|x64
		{4B33902B-4B3B-C996-E3A1-70FAF9CA5511}.Release|Any CPU.ActiveCfg = Release|x64
		{4B33902B-4B3B-C996-E3A1-70FAF9CA5511}.Release|Any CPU.Build.0 = Release|x64
		{4B33902B-4B3B-C996-E3A1-70FAF9CA5511}.Release|ARM64.ActiveCfg = Release|ARM64
		{4B33902B-4B3B-C996-E3A1-70FAF9CA5511}.Release|ARM64.Build.0 = Release|ARM64
		{4B33902B-4B3B-C996-E3A1-70FAF9CA5511}.Release|x64.ActiveCfg = Release|x64
		{4B33902B-4B3B-C996-E3A1-70FAF9CA5511}.Release|x64.Build.0 = Release|x64
		{4B33902B-4B3B-C996-E3A1-70FAF9CA5511}.Release|x86.ActiveCfg = Release|x64
		{4B33902B-4B3B-C996-E3A1-70FAF9CA5511}.Release|x86.Build.0 = Release|x64
		{5B3FAF15-D0A1-81B8-82B4-6C1EE465D76C}.Debug|Any CPU.ActiveCfg = Debug|x64
		{5B3FAF15-D0A1-81B8-82B4-6C1EE465D76C}.Debug|Any CPU.Build.0 = Debug|x64
		{5B3FAF15-D0A1-81B8-82B4-6C1EE465D76C}.Debug|ARM64.ActiveCfg = Debug|ARM64
		{5B3FAF15-D0A1-81B8-82B4-6C1EE465D76C}.Debug|ARM64.Build.0 = Debug|ARM64
		{5B3FAF15-D0A1-81B8-82B4-6C1EE465D76C}.Debug|x64.ActiveCfg = Debug|x64
		{5B3FAF15-D0A1-81B8-82B4-6C1EE465D76C}.Debug|x64.Build.0 = Debug|x64
		{5B3FAF15-D0A1-81B8-82B4-6C1EE465D76C}.Debug|x86.ActiveCfg = Debug|x64
		{5B3FAF15-D0A1-81B8-82B4-6C1EE465D76C}.Debug|x86.Build.0 = Debug|x64
		{5B3FAF15-D0A1-81B8-82B4-6C1EE465D76C}.Release|Any CPU.ActiveCfg = Release|x64
		{5B3FAF15-D0A1-81B8-82B4-6C1EE465D76C}.Release|Any CPU.Build.0 = Release|x64
		{5B3FAF15-D0A1-81B8-82B4-6C1EE465D76C}.Release|ARM64.ActiveCfg = Release|ARM64
		{5B3FAF15-D0A1-81B8-82B4-6C1EE465D76C}.Release|ARM64.Build.0 = Release|ARM64
		{5B3FAF15-D0A1-81B8-82B4-6C1EE465D76C}.Release|x64.ActiveCfg = Release|x64
		{5B3FAF15-D0A1-81B8-82B4-6C1EE465D76C}.Release|x64.Build.0 = Release|x64
		{5B3FAF15-D0A1-81B8-82B4-6C1EE465D76C}.Release|x86.ActiveCfg = Release|x64
		{5B3FAF15-D0A1-81B8-82B4-6C1EE465D76C}.Release|x86.Build.0 = Release|x64
	EndGlobalSection
	GlobalSection(SolutionProperties) = preSolution
		HideSolutionNode = FALSE
	EndGlobalSection
	GlobalSection(NestedProjects) = preSolution
		{AA343239-476E-43E3-BEE3-D3313C883341} = {106E1C5D-57C2-49F9-854D-A50BFFA88802}
		{C8071225-73B5-4559-A22E-CD057B424A3C} = {CC28D563-3E82-4852-82C0-A06609BB416C}
		{F5A74929-90C7-407C-87F4-D2176ACC2ACC} = {CC28D563-3E82-4852-82C0-A06609BB416C}
		{64AAF73B-1782-4D82-AEB5-868E21516768} = {CC28D563-3E82-4852-82C0-A06609BB416C}
		{FF7ACD54-F730-4F7E-9F58-8B290883ACB7} = {CC28D563-3E82-4852-82C0-A06609BB416C}
		{B5D3A18A-0E0E-4818-A3B5-5AA7AA9B3D25} = {CC28D563-3E82-4852-82C0-A06609BB416C}
		{8E0942C0-BE69-4092-BA4C-D84D6EC37576} = {CC28D563-3E82-4852-82C0-A06609BB416C}
		{01B0715F-F5DE-4B00-9E0E-7E257782CD85} = {CC28D563-3E82-4852-82C0-A06609BB416C}
		{B0FCEFDD-8C2F-4CF4-BAA6-95CDB73A1694} = {9A311925-FBEF-4A49-A392-9CA8DDAF4F40}
		{87FFB8BB-20C4-4D0D-8EF6-A39B0C14FF3A} = {106E1C5D-57C2-49F9-854D-A50BFFA88802}
		{DACD2EB5-0B07-4B20-BED4-5158902E1105} = {9A311925-FBEF-4A49-A392-9CA8DDAF4F40}
		{289B350A-0052-47D2-B93E-1FDAA526B507} = {44BA4462-A1C2-4384-810F-A39D12EA216C}
		{301C9DC7-916C-BCE1-DC85-6800F2C5BB30} = {CC28D563-3E82-4852-82C0-A06609BB416C}
		{8716CF0F-7104-1CCD-8D2A-EA9963ABC719} = {9A311925-FBEF-4A49-A392-9CA8DDAF4F40}
		{44CA6B5C-6BB5-0003-6D7B-3A021B63494A} = {CC28D563-3E82-4852-82C0-A06609BB416C}
		{8C3BDD69-584C-3C95-6157-1EA50C7B1CD6} = {9A311925-FBEF-4A49-A392-9CA8DDAF4F40}
		{4B33902B-4B3B-C996-E3A1-70FAF9CA5511} = {9A311925-FBEF-4A49-A392-9CA8DDAF4F40}
		{5B3FAF15-D0A1-81B8-82B4-6C1EE465D76C} = {CC28D563-3E82-4852-82C0-A06609BB416C}
	EndGlobalSection
	GlobalSection(ExtensibilityGlobals) = postSolution
		SolutionGuid = {F7CE53D3-9E91-421C-A7C6-75215998C26C}
	EndGlobalSection
EndGlobal
