
Microsoft Visual Studio Solution File, Format Version 12.00
# Visual Studio Version 17
VisualStudioVersion = 17.6.33617.297
MinimumVisualStudioVersion = 10.0.40219.1
Project("{9A19103F-16F7-4668-BE54-9A1E7A4F7556}") = "ColorVision", "ColorVision\ColorVision.csproj", "{AD038578-6456-48BF-9379-151DCBE9DBF5}"
EndProject
Project("{2150E333-8FDC-42A3-9474-1A3956D46DE8}") = "解决方案项", "解决方案项", "{61C6DABF-289A-41CD-B85D-F0AA9D8C6947}"
	ProjectSection(SolutionItems) = preProject
		.editorconfig = .editorconfig
		CHANGELOG.md = CHANGELOG.md
		ColorVision.snk = ColorVision.snk
		Directory.Build.props = Directory.Build.props
		README.md = README.md
	EndProjectSection
EndProject
Project("{9A19103F-16F7-4668-BE54-9A1E7A4F7556}") = "cvColorVision", "cvColorVision\cvColorVision.csproj", "{B0FCEFDD-8C2F-4CF4-BAA6-95CDB73A1694}"
EndProject
Project("{2150E333-8FDC-42A3-9474-1A3956D46DE8}") = "C++", "C++", "{55F5939D-C4F5-498D-97B0-8117E84F0FB1}"
EndProject
Project("{9A19103F-16F7-4668-BE54-9A1E7A4F7556}") = "ColorVision.Util", "ColorVision.Util\ColorVision.Util.csproj", "{59C669DD-0B02-445E-8159-720E00931118}"
EndProject
Project("{8BC9CEB8-8B4A-11D0-8D11-00A0C91BC942}") = "OpenCVHelper", "OpenCVHelper\OpenCVHelper.vcxproj", "{AA343239-476E-43E3-BEE3-D3313C883341}"
EndProject
Project("{8BC9CEB8-8B4A-11D0-8D11-00A0C91BC942}") = "OpenCVHelper_test", "OpenCVHelper_test\OpenCVHelper_test.vcxproj", "{D19D50AD-3762-4AA4-8883-9660EC833B9B}"
EndProject
Project("{8BC9CEB8-8B4A-11D0-8D11-00A0C91BC942}") = "zlib", "3rdparty\zlib\zlib.vcxproj", "{45568694-A158-4A03-ACF8-3848AB1CA1A7}"
EndProject
Project("{2150E333-8FDC-42A3-9474-1A3956D46DE8}") = "3rdparty", "3rdparty", "{8C2994F6-EF3C-40D2-A3C2-187B234805A0}"
EndProject
Project("{9A19103F-16F7-4668-BE54-9A1E7A4F7556}") = "WpfFlowControlLibrary", "WpfFlowControlLibrary\WpfFlowControlLibrary.csproj", "{3E1B8F68-8051-4FBB-8372-4E55B43F61DF}"
EndProject
Project("{9A19103F-16F7-4668-BE54-9A1E7A4F7556}") = "ColorVision.Common", "ColorVision.Common\ColorVision.Common.csproj", "{C8071225-73B5-4559-A22E-CD057B424A3C}"
EndProject
Project("{2150E333-8FDC-42A3-9474-1A3956D46DE8}") = "Demo", "Demo", "{613135F1-83D4-409D-80F2-B68D50999308}"
EndProject
Project("{FAE04EC0-301F-11D3-BF4B-00C04F79EFBC}") = "ChatDemo", "ChatDemo\ChatDemo.csproj", "{EEDAAF5D-F3E0-4D2A-801A-B2C19BFCB902}"
EndProject
Global
	GlobalSection(SolutionConfigurationPlatforms) = preSolution
		Debug|Any CPU = Debug|Any CPU
		Debug|ARM64 = Debug|ARM64
		Debug|x64 = Debug|x64
		Debug|x86 = Debug|x86
		Release|Any CPU = Release|Any CPU
		Release|ARM64 = Release|ARM64
		Release|x64 = Release|x64
		Release|x86 = Release|x86
	EndGlobalSection
	GlobalSection(ProjectConfigurationPlatforms) = postSolution
		{AD038578-6456-48BF-9379-151DCBE9DBF5}.Debug|Any CPU.ActiveCfg = Debug|Any CPU
		{AD038578-6456-48BF-9379-151DCBE9DBF5}.Debug|Any CPU.Build.0 = Debug|Any CPU
		{AD038578-6456-48BF-9379-151DCBE9DBF5}.Debug|ARM64.ActiveCfg = Debug|Any CPU
		{AD038578-6456-48BF-9379-151DCBE9DBF5}.Debug|ARM64.Build.0 = Debug|Any CPU
		{AD038578-6456-48BF-9379-151DCBE9DBF5}.Debug|x64.ActiveCfg = Debug|x64
		{AD038578-6456-48BF-9379-151DCBE9DBF5}.Debug|x64.Build.0 = Debug|x64
		{AD038578-6456-48BF-9379-151DCBE9DBF5}.Debug|x86.ActiveCfg = Debug|Any CPU
		{AD038578-6456-48BF-9379-151DCBE9DBF5}.Debug|x86.Build.0 = Debug|Any CPU
		{AD038578-6456-48BF-9379-151DCBE9DBF5}.Release|Any CPU.ActiveCfg = Release|Any CPU
		{AD038578-6456-48BF-9379-151DCBE9DBF5}.Release|Any CPU.Build.0 = Release|Any CPU
		{AD038578-6456-48BF-9379-151DCBE9DBF5}.Release|ARM64.ActiveCfg = Release|Any CPU
		{AD038578-6456-48BF-9379-151DCBE9DBF5}.Release|ARM64.Build.0 = Release|Any CPU
		{AD038578-6456-48BF-9379-151DCBE9DBF5}.Release|x64.ActiveCfg = Release|x64
		{AD038578-6456-48BF-9379-151DCBE9DBF5}.Release|x64.Build.0 = Release|x64
		{AD038578-6456-48BF-9379-151DCBE9DBF5}.Release|x86.ActiveCfg = Release|Any CPU
		{AD038578-6456-48BF-9379-151DCBE9DBF5}.Release|x86.Build.0 = Release|Any CPU
		{B0FCEFDD-8C2F-4CF4-BAA6-95CDB73A1694}.Debug|Any CPU.ActiveCfg = Debug|x64
		{B0FCEFDD-8C2F-4CF4-BAA6-95CDB73A1694}.Debug|Any CPU.Build.0 = Debug|x64
		{B0FCEFDD-8C2F-4CF4-BAA6-95CDB73A1694}.Debug|ARM64.ActiveCfg = Debug|ARM64
		{B0FCEFDD-8C2F-4CF4-BAA6-95CDB73A1694}.Debug|ARM64.Build.0 = Debug|ARM64
		{B0FCEFDD-8C2F-4CF4-BAA6-95CDB73A1694}.Debug|x64.ActiveCfg = Debug|x64
		{B0FCEFDD-8C2F-4CF4-BAA6-95CDB73A1694}.Debug|x64.Build.0 = Debug|x64
		{B0FCEFDD-8C2F-4CF4-BAA6-95CDB73A1694}.Debug|x86.ActiveCfg = Debug|x64
		{B0FCEFDD-8C2F-4CF4-BAA6-95CDB73A1694}.Debug|x86.Build.0 = Debug|x64
		{B0FCEFDD-8C2F-4CF4-BAA6-95CDB73A1694}.Release|Any CPU.ActiveCfg = Release|x64
		{B0FCEFDD-8C2F-4CF4-BAA6-95CDB73A1694}.Release|Any CPU.Build.0 = Release|x64
		{B0FCEFDD-8C2F-4CF4-BAA6-95CDB73A1694}.Release|ARM64.ActiveCfg = Release|ARM64
		{B0FCEFDD-8C2F-4CF4-BAA6-95CDB73A1694}.Release|ARM64.Build.0 = Release|ARM64
		{B0FCEFDD-8C2F-4CF4-BAA6-95CDB73A1694}.Release|x64.ActiveCfg = Release|x64
		{B0FCEFDD-8C2F-4CF4-BAA6-95CDB73A1694}.Release|x64.Build.0 = Release|x64
		{B0FCEFDD-8C2F-4CF4-BAA6-95CDB73A1694}.Release|x86.ActiveCfg = Release|x64
		{B0FCEFDD-8C2F-4CF4-BAA6-95CDB73A1694}.Release|x86.Build.0 = Release|x64
		{59C669DD-0B02-445E-8159-720E00931118}.Debug|Any CPU.ActiveCfg = Debug|x64
		{59C669DD-0B02-445E-8159-720E00931118}.Debug|Any CPU.Build.0 = Debug|x64
		{59C669DD-0B02-445E-8159-720E00931118}.Debug|ARM64.ActiveCfg = Debug|ARM64
		{59C669DD-0B02-445E-8159-720E00931118}.Debug|ARM64.Build.0 = Debug|ARM64
		{59C669DD-0B02-445E-8159-720E00931118}.Debug|x64.ActiveCfg = Debug|x64
		{59C669DD-0B02-445E-8159-720E00931118}.Debug|x64.Build.0 = Debug|x64
		{59C669DD-0B02-445E-8159-720E00931118}.Debug|x86.ActiveCfg = Debug|x64
		{59C669DD-0B02-445E-8159-720E00931118}.Debug|x86.Build.0 = Debug|x64
		{59C669DD-0B02-445E-8159-720E00931118}.Release|Any CPU.ActiveCfg = Release|x64
		{59C669DD-0B02-445E-8159-720E00931118}.Release|Any CPU.Build.0 = Release|x64
		{59C669DD-0B02-445E-8159-720E00931118}.Release|ARM64.ActiveCfg = Release|ARM64
		{59C669DD-0B02-445E-8159-720E00931118}.Release|ARM64.Build.0 = Release|ARM64
		{59C669DD-0B02-445E-8159-720E00931118}.Release|x64.ActiveCfg = Release|x64
		{59C669DD-0B02-445E-8159-720E00931118}.Release|x64.Build.0 = Release|x64
		{59C669DD-0B02-445E-8159-720E00931118}.Release|x86.ActiveCfg = Release|x64
		{59C669DD-0B02-445E-8159-720E00931118}.Release|x86.Build.0 = Release|x64
		{AA343239-476E-43E3-BEE3-D3313C883341}.Debug|Any CPU.ActiveCfg = Debug|x64
		{AA343239-476E-43E3-BEE3-D3313C883341}.Debug|Any CPU.Build.0 = Debug|x64
		{AA343239-476E-43E3-BEE3-D3313C883341}.Debug|ARM64.ActiveCfg = Debug|x64
		{AA343239-476E-43E3-BEE3-D3313C883341}.Debug|ARM64.Build.0 = Debug|x64
		{AA343239-476E-43E3-BEE3-D3313C883341}.Debug|x64.ActiveCfg = Debug|x64
		{AA343239-476E-43E3-BEE3-D3313C883341}.Debug|x64.Build.0 = Debug|x64
		{AA343239-476E-43E3-BEE3-D3313C883341}.Debug|x86.ActiveCfg = Debug|Win32
		{AA343239-476E-43E3-BEE3-D3313C883341}.Debug|x86.Build.0 = Debug|Win32
		{AA343239-476E-43E3-BEE3-D3313C883341}.Release|Any CPU.ActiveCfg = Release|x64
		{AA343239-476E-43E3-BEE3-D3313C883341}.Release|Any CPU.Build.0 = Release|x64
		{AA343239-476E-43E3-BEE3-D3313C883341}.Release|ARM64.ActiveCfg = Release|x64
		{AA343239-476E-43E3-BEE3-D3313C883341}.Release|ARM64.Build.0 = Release|x64
		{AA343239-476E-43E3-BEE3-D3313C883341}.Release|x64.ActiveCfg = Release|x64
		{AA343239-476E-43E3-BEE3-D3313C883341}.Release|x64.Build.0 = Release|x64
		{AA343239-476E-43E3-BEE3-D3313C883341}.Release|x86.ActiveCfg = Release|Win32
		{AA343239-476E-43E3-BEE3-D3313C883341}.Release|x86.Build.0 = Release|Win32
		{D19D50AD-3762-4AA4-8883-9660EC833B9B}.Debug|Any CPU.ActiveCfg = Debug|x64
		{D19D50AD-3762-4AA4-8883-9660EC833B9B}.Debug|Any CPU.Build.0 = Debug|x64
		{D19D50AD-3762-4AA4-8883-9660EC833B9B}.Debug|ARM64.ActiveCfg = Debug|x64
		{D19D50AD-3762-4AA4-8883-9660EC833B9B}.Debug|ARM64.Build.0 = Debug|x64
		{D19D50AD-3762-4AA4-8883-9660EC833B9B}.Debug|x64.ActiveCfg = Debug|x64
		{D19D50AD-3762-4AA4-8883-9660EC833B9B}.Debug|x64.Build.0 = Debug|x64
		{D19D50AD-3762-4AA4-8883-9660EC833B9B}.Debug|x86.ActiveCfg = Debug|Win32
		{D19D50AD-3762-4AA4-8883-9660EC833B9B}.Debug|x86.Build.0 = Debug|Win32
		{D19D50AD-3762-4AA4-8883-9660EC833B9B}.Release|Any CPU.ActiveCfg = Release|x64
		{D19D50AD-3762-4AA4-8883-9660EC833B9B}.Release|Any CPU.Build.0 = Release|x64
		{D19D50AD-3762-4AA4-8883-9660EC833B9B}.Release|ARM64.ActiveCfg = Release|x64
		{D19D50AD-3762-4AA4-8883-9660EC833B9B}.Release|ARM64.Build.0 = Release|x64
		{D19D50AD-3762-4AA4-8883-9660EC833B9B}.Release|x64.ActiveCfg = Release|x64
		{D19D50AD-3762-4AA4-8883-9660EC833B9B}.Release|x64.Build.0 = Release|x64
		{D19D50AD-3762-4AA4-8883-9660EC833B9B}.Release|x86.ActiveCfg = Release|Win32
		{D19D50AD-3762-4AA4-8883-9660EC833B9B}.Release|x86.Build.0 = Release|Win32
		{45568694-A158-4A03-ACF8-3848AB1CA1A7}.Debug|Any CPU.ActiveCfg = Debug|x64
		{45568694-A158-4A03-ACF8-3848AB1CA1A7}.Debug|Any CPU.Build.0 = Debug|x64
		{45568694-A158-4A03-ACF8-3848AB1CA1A7}.Debug|ARM64.ActiveCfg = Debug|x64
		{45568694-A158-4A03-ACF8-3848AB1CA1A7}.Debug|ARM64.Build.0 = Debug|x64
		{45568694-A158-4A03-ACF8-3848AB1CA1A7}.Debug|x64.ActiveCfg = Debug|x64
		{45568694-A158-4A03-ACF8-3848AB1CA1A7}.Debug|x64.Build.0 = Debug|x64
		{45568694-A158-4A03-ACF8-3848AB1CA1A7}.Debug|x86.ActiveCfg = Debug|Win32
		{45568694-A158-4A03-ACF8-3848AB1CA1A7}.Debug|x86.Build.0 = Debug|Win32
		{45568694-A158-4A03-ACF8-3848AB1CA1A7}.Release|Any CPU.ActiveCfg = Release|x64
		{45568694-A158-4A03-ACF8-3848AB1CA1A7}.Release|Any CPU.Build.0 = Release|x64
		{45568694-A158-4A03-ACF8-3848AB1CA1A7}.Release|ARM64.ActiveCfg = Release|x64
		{45568694-A158-4A03-ACF8-3848AB1CA1A7}.Release|ARM64.Build.0 = Release|x64
		{45568694-A158-4A03-ACF8-3848AB1CA1A7}.Release|x64.ActiveCfg = Release|x64
		{45568694-A158-4A03-ACF8-3848AB1CA1A7}.Release|x64.Build.0 = Release|x64
		{45568694-A158-4A03-ACF8-3848AB1CA1A7}.Release|x86.ActiveCfg = Release|Win32
		{45568694-A158-4A03-ACF8-3848AB1CA1A7}.Release|x86.Build.0 = Release|Win32
		{3E1B8F68-8051-4FBB-8372-4E55B43F61DF}.Debug|Any CPU.ActiveCfg = Debug|x64
		{3E1B8F68-8051-4FBB-8372-4E55B43F61DF}.Debug|Any CPU.Build.0 = Debug|x64
		{3E1B8F68-8051-4FBB-8372-4E55B43F61DF}.Debug|ARM64.ActiveCfg = Debug|ARM64
		{3E1B8F68-8051-4FBB-8372-4E55B43F61DF}.Debug|ARM64.Build.0 = Debug|ARM64
		{3E1B8F68-8051-4FBB-8372-4E55B43F61DF}.Debug|x64.ActiveCfg = Debug|x64
		{3E1B8F68-8051-4FBB-8372-4E55B43F61DF}.Debug|x64.Build.0 = Debug|x64
		{3E1B8F68-8051-4FBB-8372-4E55B43F61DF}.Debug|x86.ActiveCfg = Debug|x64
		{3E1B8F68-8051-4FBB-8372-4E55B43F61DF}.Debug|x86.Build.0 = Debug|x64
		{3E1B8F68-8051-4FBB-8372-4E55B43F61DF}.Release|Any CPU.ActiveCfg = Release|x64
		{3E1B8F68-8051-4FBB-8372-4E55B43F61DF}.Release|Any CPU.Build.0 = Release|x64
		{3E1B8F68-8051-4FBB-8372-4E55B43F61DF}.Release|ARM64.ActiveCfg = Release|ARM64
		{3E1B8F68-8051-4FBB-8372-4E55B43F61DF}.Release|ARM64.Build.0 = Release|ARM64
		{3E1B8F68-8051-4FBB-8372-4E55B43F61DF}.Release|x64.ActiveCfg = Release|x64
		{3E1B8F68-8051-4FBB-8372-4E55B43F61DF}.Release|x64.Build.0 = Release|x64
		{3E1B8F68-8051-4FBB-8372-4E55B43F61DF}.Release|x86.ActiveCfg = Release|x64
		{3E1B8F68-8051-4FBB-8372-4E55B43F61DF}.Release|x86.Build.0 = Release|x64
		{C8071225-73B5-4559-A22E-CD057B424A3C}.Debug|Any CPU.ActiveCfg = Debug|x64
		{C8071225-73B5-4559-A22E-CD057B424A3C}.Debug|Any CPU.Build.0 = Debug|x64
		{C8071225-73B5-4559-A22E-CD057B424A3C}.Debug|ARM64.ActiveCfg = Debug|ARM64
		{C8071225-73B5-4559-A22E-CD057B424A3C}.Debug|ARM64.Build.0 = Debug|ARM64
		{C8071225-73B5-4559-A22E-CD057B424A3C}.Debug|x64.ActiveCfg = Debug|x64
		{C8071225-73B5-4559-A22E-CD057B424A3C}.Debug|x64.Build.0 = Debug|x64
		{C8071225-73B5-4559-A22E-CD057B424A3C}.Debug|x86.ActiveCfg = Debug|x64
		{C8071225-73B5-4559-A22E-CD057B424A3C}.Debug|x86.Build.0 = Debug|x64
		{C8071225-73B5-4559-A22E-CD057B424A3C}.Release|Any CPU.ActiveCfg = Release|x64
		{C8071225-73B5-4559-A22E-CD057B424A3C}.Release|Any CPU.Build.0 = Release|x64
		{C8071225-73B5-4559-A22E-CD057B424A3C}.Release|ARM64.ActiveCfg = Release|ARM64
		{C8071225-73B5-4559-A22E-CD057B424A3C}.Release|ARM64.Build.0 = Release|ARM64
		{C8071225-73B5-4559-A22E-CD057B424A3C}.Release|x64.ActiveCfg = Release|x64
		{C8071225-73B5-4559-A22E-CD057B424A3C}.Release|x64.Build.0 = Release|x64
		{C8071225-73B5-4559-A22E-CD057B424A3C}.Release|x86.ActiveCfg = Release|x64
		{C8071225-73B5-4559-A22E-CD057B424A3C}.Release|x86.Build.0 = Release|x64
		{EEDAAF5D-F3E0-4D2A-801A-B2C19BFCB902}.Debug|Any CPU.ActiveCfg = Debug|x64
		{EEDAAF5D-F3E0-4D2A-801A-B2C19BFCB902}.Debug|Any CPU.Build.0 = Debug|x64
		{EEDAAF5D-F3E0-4D2A-801A-B2C19BFCB902}.Debug|ARM64.ActiveCfg = Debug|ARM64
		{EEDAAF5D-F3E0-4D2A-801A-B2C19BFCB902}.Debug|ARM64.Build.0 = Debug|ARM64
		{EEDAAF5D-F3E0-4D2A-801A-B2C19BFCB902}.Debug|x64.ActiveCfg = Debug|x64
		{EEDAAF5D-F3E0-4D2A-801A-B2C19BFCB902}.Debug|x64.Build.0 = Debug|x64
		{EEDAAF5D-F3E0-4D2A-801A-B2C19BFCB902}.Debug|x86.ActiveCfg = Debug|x64
		{EEDAAF5D-F3E0-4D2A-801A-B2C19BFCB902}.Debug|x86.Build.0 = Debug|x64
		{EEDAAF5D-F3E0-4D2A-801A-B2C19BFCB902}.Release|Any CPU.ActiveCfg = Release|x64
		{EEDAAF5D-F3E0-4D2A-801A-B2C19BFCB902}.Release|Any CPU.Build.0 = Release|x64
		{EEDAAF5D-F3E0-4D2A-801A-B2C19BFCB902}.Release|ARM64.ActiveCfg = Release|ARM64
		{EEDAAF5D-F3E0-4D2A-801A-B2C19BFCB902}.Release|ARM64.Build.0 = Release|ARM64
		{EEDAAF5D-F3E0-4D2A-801A-B2C19BFCB902}.Release|x64.ActiveCfg = Release|x64
		{EEDAAF5D-F3E0-4D2A-801A-B2C19BFCB902}.Release|x64.Build.0 = Release|x64
		{EEDAAF5D-F3E0-4D2A-801A-B2C19BFCB902}.Release|x86.ActiveCfg = Release|x64
		{EEDAAF5D-F3E0-4D2A-801A-B2C19BFCB902}.Release|x86.Build.0 = Release|x64
	EndGlobalSection
	GlobalSection(SolutionProperties) = preSolution
		HideSolutionNode = FALSE
	EndGlobalSection
	GlobalSection(NestedProjects) = preSolution
		{AA343239-476E-43E3-BEE3-D3313C883341} = {55F5939D-C4F5-498D-97B0-8117E84F0FB1}
		{D19D50AD-3762-4AA4-8883-9660EC833B9B} = {55F5939D-C4F5-498D-97B0-8117E84F0FB1}
		{45568694-A158-4A03-ACF8-3848AB1CA1A7} = {8C2994F6-EF3C-40D2-A3C2-187B234805A0}
		{8C2994F6-EF3C-40D2-A3C2-187B234805A0} = {55F5939D-C4F5-498D-97B0-8117E84F0FB1}
		{EEDAAF5D-F3E0-4D2A-801A-B2C19BFCB902} = {613135F1-83D4-409D-80F2-B68D50999308}
	EndGlobalSection
	GlobalSection(ExtensibilityGlobals) = postSolution
		SolutionGuid = {F7CE53D3-9E91-421C-A7C6-75215998C26C}
		RESX_NeutralResourcesLanguage = zh-Hans
		RESX_PrefixTranslations = False
	EndGlobalSection
EndGlobal
