
Microsoft Visual Studio Solution File, Format Version 12.00
# Visual Studio Version 17
VisualStudioVersion = 17.6.33617.297
MinimumVisualStudioVersion = 10.0.40219.1
Project("{9A19103F-16F7-4668-BE54-9A1E7A4F7556}") = "ColorVision", "ColorVision\ColorVision.csproj", "{AD038578-6456-48BF-9379-151DCBE9DBF5}"
EndProject
Project("{2150E333-8FDC-42A3-9474-1A3956D46DE8}") = "解决方案项", "解决方案项", "{61C6DABF-289A-41CD-B85D-F0AA9D8C6947}"
	ProjectSection(SolutionItems) = preProject
		.editorconfig = .editorconfig
	EndProjectSection
EndProject
Global
	GlobalSection(SolutionConfigurationPlatforms) = preSolution
		Debug|Any CPU = Debug|Any CPU
		Debug|x64 = Debug|x64
		Release|Any CPU = Release|Any CPU
		Release|x64 = Release|x64
	EndGlobalSection
	GlobalSection(ProjectConfigurationPlatforms) = postSolution
		{AD038578-6456-48BF-9379-151DCBE9DBF5}.Debug|Any CPU.ActiveCfg = Debug|Any CPU
		{AD038578-6456-48BF-9379-151DCBE9DBF5}.Debug|Any CPU.Build.0 = Debug|Any CPU
		{AD038578-6456-48BF-9379-151DCBE9DBF5}.Debug|x64.ActiveCfg = Debug|x64
		{AD038578-6456-48BF-9379-151DCBE9DBF5}.Debug|x64.Build.0 = Debug|x64
		{AD038578-6456-48BF-9379-151DCBE9DBF5}.Release|Any CPU.ActiveCfg = Release|Any CPU
		{AD038578-6456-48BF-9379-151DCBE9DBF5}.Release|Any CPU.Build.0 = Release|Any CPU
		{AD038578-6456-48BF-9379-151DCBE9DBF5}.Release|x64.ActiveCfg = Release|x64
		{AD038578-6456-48BF-9379-151DCBE9DBF5}.Release|x64.Build.0 = Release|x64
	EndGlobalSection
	GlobalSection(SolutionProperties) = preSolution
		HideSolutionNode = FALSE
	EndGlobalSection
	GlobalSection(ExtensibilityGlobals) = postSolution
		SolutionGuid = {F7CE53D3-9E91-421C-A7C6-75215998C26C}
	EndGlobalSection
EndGlobal
