
Microsoft Visual Studio Solution File, Format Version 12.00
# Visual Studio Version 18
VisualStudioVersion = 18.0.11018.127
MinimumVisualStudioVersion = 10.0.40219.1
Project("{9A19103F-16F7-4668-BE54-9A1E7A4F7556}") = "ColorVision", "ColorVision\ColorVision.csproj", "{AD038578-6456-48BF-9379-151DCBE9DBF5}"
EndProject
Project("{2150E333-8FDC-42A3-9474-1A3956D46DE8}") = "解决方案项", "解决方案项", "{61C6DABF-289A-41CD-B85D-F0AA9D8C6947}"
	ProjectSection(SolutionItems) = preProject
		.editorconfig = .editorconfig
		.gitattributes = .gitattributes
		.gitignore = .gitignore
		CHANGELOG.md = CHANGELOG.md
		Directory.Build.props = Directory.Build.props
		README.md = README.md
	EndProjectSection
EndProject
Project("{2150E333-8FDC-42A3-9474-1A3956D46DE8}") = "Core", "Core", "{55F5939D-C4F5-498D-97B0-8117E84F0FB1}"
EndProject
Project("{9A19103F-16F7-4668-BE54-9A1E7A4F7556}") = "ColorVision.Common", "UI\ColorVision.Common\ColorVision.Common.csproj", "{C8071225-73B5-4559-A22E-CD057B424A3C}"
EndProject
Project("{FAE04EC0-301F-11D3-BF4B-00C04F79EFBC}") = "ColorVisionSetup", "ColorVisionSetup\ColorVisionSetup.csproj", "{62EE75AB-AC8D-4E34-BC89-094E05298902}"
EndProject
Project("{9A19103F-16F7-4668-BE54-9A1E7A4F7556}") = "ColorVision.UI", "UI\ColorVision.UI\ColorVision.UI.csproj", "{04BB9722-017A-466F-B4ED-80165C654618}"
EndProject
Project("{2150E333-8FDC-42A3-9474-1A3956D46DE8}") = "Plugins", "Plugins", "{3978403E-55E4-4AAC-8978-1D39651BEA7C}"
	ProjectSection(SolutionItems) = preProject
		Plugins\Directory.Build.props = Plugins\Directory.Build.props
	EndProjectSection
EndProject
Project("{9A19103F-16F7-4668-BE54-9A1E7A4F7556}") = "EventVWR", "Plugins\EventVWR\EventVWR.csproj", "{BE96962C-AB64-4FCB-9A2B-41FAD26BCF61}"
EndProject
Project("{2150E333-8FDC-42A3-9474-1A3956D46DE8}") = "Projects", "Projects", "{7D74447C-5191-4C1D-BEB2-B537366B980D}"
EndProject
Project("{9A19103F-16F7-4668-BE54-9A1E7A4F7556}") = "ColorVision.Themes", "UI\ColorVision.Themes\ColorVision.Themes.csproj", "{C17AAAC2-DE62-41AA-8D9F-DB6345C8C22C}"
EndProject
Project("{9A19103F-16F7-4668-BE54-9A1E7A4F7556}") = "ColorVision.Scheduler", "UI\ColorVision.Scheduler\ColorVision.Scheduler.csproj", "{3593FFAA-9AB9-47DC-8D13-A943A469384A}"
EndProject
Project("{9A19103F-16F7-4668-BE54-9A1E7A4F7556}") = "ColorVision.Solution", "UI\ColorVision.Solution\ColorVision.Solution.csproj", "{7736CE9C-0059-420C-A841-5B71293C1A88}"
EndProject
Project("{2150E333-8FDC-42A3-9474-1A3956D46DE8}") = "UI", "UI", "{E24919A5-7981-44FF-82A9-E7259C5492CE}"
EndProject
Project("{2150E333-8FDC-42A3-9474-1A3956D46DE8}") = "Test", "Test", "{17024679-C50D-4948-A0F7-4A67B6EFBEA8}"
EndProject
Project("{9A19103F-16F7-4668-BE54-9A1E7A4F7556}") = "WindowsServicePlugin", "Plugins\WindowsServicePlugin\WindowsServicePlugin.csproj", "{EAA08DC1-0C5A-45E0-BE00-639BE32B8F0A}"
EndProject
Project("{2150E333-8FDC-42A3-9474-1A3956D46DE8}") = "Engine", "Engine", "{BF3D024B-583C-403A-A213-BFC0D1BED4F0}"
EndProject
Project("{9A19103F-16F7-4668-BE54-9A1E7A4F7556}") = "ColorVision.Core", "UI\ColorVision.Core\ColorVision.Core.csproj", "{8B8E05E3-F002-4A01-852C-B537041BFF8C}"
EndProject
Project("{9A19103F-16F7-4668-BE54-9A1E7A4F7556}") = "ColorVision.ImageEditor", "UI\ColorVision.ImageEditor\ColorVision.ImageEditor.csproj", "{6446CF2C-3AA1-4294-AD99-49FDB05F0365}"
EndProject
Project("{9A19103F-16F7-4668-BE54-9A1E7A4F7556}") = "cvColorVision", "Engine\cvColorVision\cvColorVision.csproj", "{CB709B84-F614-491B-AF69-D69ACADB303A}"
EndProject
Project("{9A19103F-16F7-4668-BE54-9A1E7A4F7556}") = "ColorVision.Engine", "Engine\ColorVision.Engine\ColorVision.Engine.csproj", "{1BEA1A24-9C84-4882-B079-25E59C98B87C}"
EndProject
Project("{9A19103F-16F7-4668-BE54-9A1E7A4F7556}") = "ProjectHeyuan", "Projects\ProjectHeyuan\ProjectHeyuan.csproj", "{6D8B92D2-0992-4DCC-B683-F4A5B254526F}"
EndProject
Project("{9A19103F-16F7-4668-BE54-9A1E7A4F7556}") = "ProjectShiyuan", "Projects\ProjectShiyuan\ProjectShiyuan.csproj", "{5B6F1F8E-623D-4005-AED5-2BCCA458E2C3}"
EndProject
Project("{9A19103F-16F7-4668-BE54-9A1E7A4F7556}") = "ProjectKB", "Projects\ProjectKB\ProjectKB.csproj", "{51E0F7EE-4ABB-4595-95C5-48D9B9D2EAA9}"
EndProject
Project("{9A19103F-16F7-4668-BE54-9A1E7A4F7556}") = "SystemMonitor", "Plugins\SystemMonitor\SystemMonitor.csproj", "{D45AF1EE-BBBA-4F98-9A06-08E408F78681}"
EndProject
Project("{FAE04EC0-301F-11D3-BF4B-00C04F79EFBC}") = "ProjectBlackMura", "Projects\ProjectBlackMura\ProjectBlackMura.csproj", "{FC5502D5-7F00-4020-BE48-4CB9691CEA34}"
EndProject
Project("{FAE04EC0-301F-11D3-BF4B-00C04F79EFBC}") = "ProjectARVR", "Projects\ProjectARVR\ProjectARVR.csproj", "{C9161601-FF81-23AB-59D7-A7B53E00C200}"
EndProject
Project("{8BC9CEB8-8B4A-11D0-8D11-00A0C91BC942}") = "ColorVisionIcons64", "Core\ColorVisionIcons64\ColorVisionIcons64.vcxproj", "{87FFB8BB-20C4-4D0D-8EF6-A39B0C14FF3A}"
EndProject
Project("{8BC9CEB8-8B4A-11D0-8D11-00A0C91BC942}") = "opencv_cuda", "Core\opencv_cuda\opencv_cuda.vcxproj", "{7568CD41-78C1-415F-9F3B-73283392B60D}"
EndProject
Project("{8BC9CEB8-8B4A-11D0-8D11-00A0C91BC942}") = "opencv_helper", "Core\opencv_helper\opencv_helper.vcxproj", "{AA343239-476E-43E3-BEE3-D3313C883341}"
EndProject
Project("{FAE04EC0-301F-11D3-BF4B-00C04F79EFBC}") = "ColorVision.SocketProtocol", "UI\ColorVision.SocketProtocol\ColorVision.SocketProtocol.csproj", "{70F1E145-B0F9-4D7D-8557-D9996B45EC2A}"
EndProject
Project("{FAE04EC0-301F-11D3-BF4B-00C04F79EFBC}") = "ColorVision.FileIO", "Engine\ColorVision.FileIO\ColorVision.FileIO.csproj", "{8716CF0F-7104-1CCD-8D2A-EA9963ABC719}"
EndProject
Project("{FAE04EC0-301F-11D3-BF4B-00C04F79EFBC}") = "ProjectARVRLite", "Projects\ProjectARVRLite\ProjectARVRLite.csproj", "{0BB55149-1CD3-25FF-B6BD-D7F715DE3280}"
EndProject
Project("{FAE04EC0-301F-11D3-BF4B-00C04F79EFBC}") = "ColorVision.Database", "UI\ColorVision.Database\ColorVision.Database.csproj", "{187E3B72-74F4-4A97-9D35-B4448D4B54FE}"
EndProject
Project("{FAE04EC0-301F-11D3-BF4B-00C04F79EFBC}") = "FlowEngineLib", "Engine\FlowEngineLib\FlowEngineLib.csproj", "{8C3BDD69-584C-3C95-6157-1EA50C7B1CD6}"
EndProject
Project("{FAE04EC0-301F-11D3-BF4B-00C04F79EFBC}") = "ST.Library.UI", "Engine\ST.Library.UI\ST.Library.UI.csproj", "{4B33902B-4B3B-C996-E3A1-70FAF9CA5511}"
EndProject
Project("{FAE04EC0-301F-11D3-BF4B-00C04F79EFBC}") = "ProjectLUX", "Projects\ProjectLUX\ProjectLUX.csproj", "{A2417BA3-DE1D-1C88-213C-6B3DA76BEC5D}"
EndProject
Project("{FAE04EC0-301F-11D3-BF4B-00C04F79EFBC}") = "Pattern", "Plugins\Pattern\Pattern.csproj", "{C56ADCEB-6F3D-43D2-8398-182F545B82B9}"
EndProject
Project("{8BC9CEB8-8B4A-11D0-8D11-00A0C91BC942}") = "opencv_helper_test", "Test\opencv_helper_test\opencv_helper_test.vcxproj", "{D19D50AD-3762-4AA4-8883-9660EC833B9B}"
EndProject
Project("{FAE04EC0-301F-11D3-BF4B-00C04F79EFBC}") = "ProjectARVRPro", "Projects\ProjectARVRPro\ProjectARVRPro.csproj", "{F23FB3E2-39AD-B3E8-6806-E8D511F3B1E6}"
EndProject
Project("{FAE04EC0-301F-11D3-BF4B-00C04F79EFBC}") = "ScreenRecorder", "Plugins\ScreenRecorder\ScreenRecorder.csproj", "{0C941AA9-8B80-B5EE-2897-2D449408BCE9}"
EndProject
Project("{2150E333-8FDC-42A3-9474-1A3956D46DE8}") = "Tools", "Tools", "{07C2787E-EAC7-C090-1BA3-A61EC2A24D84}"
EndProject
Project("{FAE04EC0-301F-11D3-BF4B-00C04F79EFBC}") = "LicenseGenerator", "Tools\LicenseGenerator\LicenseGenerator.csproj", "{5381408C-6521-4A92-9A4F-2C44E7F216FD}"
EndProject
Project("{FAE04EC0-301F-11D3-BF4B-00C04F79EFBC}") = "ColorVision.UI.Tests", "Test\ColorVision.UI.Tests\ColorVision.UI.Tests.csproj", "{F787DE0A-C5D6-A6F8-26E8-B6621ED10AD0}"
EndProject
Project("{FAE04EC0-301F-11D3-BF4B-00C04F79EFBC}") = "ProjectStarkSemi", "Projects\ProjectStarkSemi\ProjectStarkSemi.csproj", "{EA95FD10-8912-6901-9D0C-AE600CAD4173}"
EndProject
Project("{FAE04EC0-301F-11D3-BF4B-00C04F79EFBC}") = "Spectrum", "Plugins\Spectrum\Spectrum.csproj", "{C023A339-2EE6-EB7E-F90E-30DA22099598}"
EndProject
Project("{FAE04EC0-301F-11D3-BF4B-00C04F79EFBC}") = "ImageProjector", "Plugins\ImageProjector\ImageProjector.csproj", "{9153E004-BB78-FFD3-C10A-317659FA5F93}"
EndProject
Global
	GlobalSection(SolutionConfigurationPlatforms) = preSolution
		Debug|Any CPU = Debug|Any CPU
		Debug|ARM64 = Debug|ARM64
		Debug|x64 = Debug|x64
		Debug|x86 = Debug|x86
		Release|Any CPU = Release|Any CPU
		Release|ARM64 = Release|ARM64
		Release|x64 = Release|x64
		Release|x86 = Release|x86
	EndGlobalSection
	GlobalSection(ProjectConfigurationPlatforms) = postSolution
		{AD038578-6456-48BF-9379-151DCBE9DBF5}.Debug|Any CPU.ActiveCfg = Debug|x64
		{AD038578-6456-48BF-9379-151DCBE9DBF5}.Debug|Any CPU.Build.0 = Debug|x64
		{AD038578-6456-48BF-9379-151DCBE9DBF5}.Debug|ARM64.ActiveCfg = Debug|Any CPU
		{AD038578-6456-48BF-9379-151DCBE9DBF5}.Debug|ARM64.Build.0 = Debug|Any CPU
		{AD038578-6456-48BF-9379-151DCBE9DBF5}.Debug|x64.ActiveCfg = Debug|x64
		{AD038578-6456-48BF-9379-151DCBE9DBF5}.Debug|x64.Build.0 = Debug|x64
		{AD038578-6456-48BF-9379-151DCBE9DBF5}.Debug|x86.ActiveCfg = Debug|Any CPU
		{AD038578-6456-48BF-9379-151DCBE9DBF5}.Debug|x86.Build.0 = Debug|Any CPU
		{AD038578-6456-48BF-9379-151DCBE9DBF5}.Release|Any CPU.ActiveCfg = Release|Any CPU
		{AD038578-6456-48BF-9379-151DCBE9DBF5}.Release|Any CPU.Build.0 = Release|Any CPU
		{AD038578-6456-48BF-9379-151DCBE9DBF5}.Release|ARM64.ActiveCfg = Release|Any CPU
		{AD038578-6456-48BF-9379-151DCBE9DBF5}.Release|ARM64.Build.0 = Release|Any CPU
		{AD038578-6456-48BF-9379-151DCBE9DBF5}.Release|x64.ActiveCfg = Release|x64
		{AD038578-6456-48BF-9379-151DCBE9DBF5}.Release|x64.Build.0 = Release|x64
		{AD038578-6456-48BF-9379-151DCBE9DBF5}.Release|x86.ActiveCfg = Release|Any CPU
		{AD038578-6456-48BF-9379-151DCBE9DBF5}.Release|x86.Build.0 = Release|Any CPU
		{C8071225-73B5-4559-A22E-CD057B424A3C}.Debug|Any CPU.ActiveCfg = Debug|x64
		{C8071225-73B5-4559-A22E-CD057B424A3C}.Debug|Any CPU.Build.0 = Debug|x64
		{C8071225-73B5-4559-A22E-CD057B424A3C}.Debug|ARM64.ActiveCfg = Debug|ARM64
		{C8071225-73B5-4559-A22E-CD057B424A3C}.Debug|ARM64.Build.0 = Debug|ARM64
		{C8071225-73B5-4559-A22E-CD057B424A3C}.Debug|x64.ActiveCfg = Debug|x64
		{C8071225-73B5-4559-A22E-CD057B424A3C}.Debug|x64.Build.0 = Debug|x64
		{C8071225-73B5-4559-A22E-CD057B424A3C}.Debug|x86.ActiveCfg = Debug|x64
		{C8071225-73B5-4559-A22E-CD057B424A3C}.Debug|x86.Build.0 = Debug|x64
		{C8071225-73B5-4559-A22E-CD057B424A3C}.Release|Any CPU.ActiveCfg = Release|x64
		{C8071225-73B5-4559-A22E-CD057B424A3C}.Release|Any CPU.Build.0 = Release|x64
		{C8071225-73B5-4559-A22E-CD057B424A3C}.Release|ARM64.ActiveCfg = Release|ARM64
		{C8071225-73B5-4559-A22E-CD057B424A3C}.Release|ARM64.Build.0 = Release|ARM64
		{C8071225-73B5-4559-A22E-CD057B424A3C}.Release|x64.ActiveCfg = Release|x64
		{C8071225-73B5-4559-A22E-CD057B424A3C}.Release|x64.Build.0 = Release|x64
		{C8071225-73B5-4559-A22E-CD057B424A3C}.Release|x86.ActiveCfg = Release|x64
		{C8071225-73B5-4559-A22E-CD057B424A3C}.Release|x86.Build.0 = Release|x64
		{62EE75AB-AC8D-4E34-BC89-094E05298902}.Debug|Any CPU.ActiveCfg = Debug|Any CPU
		{62EE75AB-AC8D-4E34-BC89-094E05298902}.Debug|Any CPU.Build.0 = Debug|Any CPU
		{62EE75AB-AC8D-4E34-BC89-094E05298902}.Debug|ARM64.ActiveCfg = Debug|Any CPU
		{62EE75AB-AC8D-4E34-BC89-094E05298902}.Debug|ARM64.Build.0 = Debug|Any CPU
		{62EE75AB-AC8D-4E34-BC89-094E05298902}.Debug|x64.ActiveCfg = Debug|x64
		{62EE75AB-AC8D-4E34-BC89-094E05298902}.Debug|x64.Build.0 = Debug|x64
		{62EE75AB-AC8D-4E34-BC89-094E05298902}.Debug|x86.ActiveCfg = Debug|Any CPU
		{62EE75AB-AC8D-4E34-BC89-094E05298902}.Debug|x86.Build.0 = Debug|Any CPU
		{62EE75AB-AC8D-4E34-BC89-094E05298902}.Release|Any CPU.ActiveCfg = Release|Any CPU
		{62EE75AB-AC8D-4E34-BC89-094E05298902}.Release|Any CPU.Build.0 = Release|Any CPU
		{62EE75AB-AC8D-4E34-BC89-094E05298902}.Release|ARM64.ActiveCfg = Release|Any CPU
		{62EE75AB-AC8D-4E34-BC89-094E05298902}.Release|ARM64.Build.0 = Release|Any CPU
		{62EE75AB-AC8D-4E34-BC89-094E05298902}.Release|x64.ActiveCfg = Release|x64
		{62EE75AB-AC8D-4E34-BC89-094E05298902}.Release|x64.Build.0 = Release|x64
		{62EE75AB-AC8D-4E34-BC89-094E05298902}.Release|x86.ActiveCfg = Release|Any CPU
		{62EE75AB-AC8D-4E34-BC89-094E05298902}.Release|x86.Build.0 = Release|Any CPU
		{04BB9722-017A-466F-B4ED-80165C654618}.Debug|Any CPU.ActiveCfg = Debug|x64
		{04BB9722-017A-466F-B4ED-80165C654618}.Debug|Any CPU.Build.0 = Debug|x64
		{04BB9722-017A-466F-B4ED-80165C654618}.Debug|ARM64.ActiveCfg = Debug|ARM64
		{04BB9722-017A-466F-B4ED-80165C654618}.Debug|ARM64.Build.0 = Debug|ARM64
		{04BB9722-017A-466F-B4ED-80165C654618}.Debug|x64.ActiveCfg = Debug|x64
		{04BB9722-017A-466F-B4ED-80165C654618}.Debug|x64.Build.0 = Debug|x64
		{04BB9722-017A-466F-B4ED-80165C654618}.Debug|x86.ActiveCfg = Debug|x64
		{04BB9722-017A-466F-B4ED-80165C654618}.Debug|x86.Build.0 = Debug|x64
		{04BB9722-017A-466F-B4ED-80165C654618}.Release|Any CPU.ActiveCfg = Release|x64
		{04BB9722-017A-466F-B4ED-80165C654618}.Release|Any CPU.Build.0 = Release|x64
		{04BB9722-017A-466F-B4ED-80165C654618}.Release|ARM64.ActiveCfg = Release|ARM64
		{04BB9722-017A-466F-B4ED-80165C654618}.Release|ARM64.Build.0 = Release|ARM64
		{04BB9722-017A-466F-B4ED-80165C654618}.Release|x64.ActiveCfg = Release|x64
		{04BB9722-017A-466F-B4ED-80165C654618}.Release|x64.Build.0 = Release|x64
		{04BB9722-017A-466F-B4ED-80165C654618}.Release|x86.ActiveCfg = Release|x64
		{04BB9722-017A-466F-B4ED-80165C654618}.Release|x86.Build.0 = Release|x64
		{BE96962C-AB64-4FCB-9A2B-41FAD26BCF61}.Debug|Any CPU.ActiveCfg = Debug|x64
		{BE96962C-AB64-4FCB-9A2B-41FAD26BCF61}.Debug|Any CPU.Build.0 = Debug|x64
		{BE96962C-AB64-4FCB-9A2B-41FAD26BCF61}.Debug|ARM64.ActiveCfg = Debug|ARM64
		{BE96962C-AB64-4FCB-9A2B-41FAD26BCF61}.Debug|ARM64.Build.0 = Debug|ARM64
		{BE96962C-AB64-4FCB-9A2B-41FAD26BCF61}.Debug|x64.ActiveCfg = Debug|x64
		{BE96962C-AB64-4FCB-9A2B-41FAD26BCF61}.Debug|x64.Build.0 = Debug|x64
		{BE96962C-AB64-4FCB-9A2B-41FAD26BCF61}.Debug|x86.ActiveCfg = Debug|x64
		{BE96962C-AB64-4FCB-9A2B-41FAD26BCF61}.Debug|x86.Build.0 = Debug|x64
		{BE96962C-AB64-4FCB-9A2B-41FAD26BCF61}.Release|Any CPU.ActiveCfg = Release|x64
		{BE96962C-AB64-4FCB-9A2B-41FAD26BCF61}.Release|Any CPU.Build.0 = Release|x64
		{BE96962C-AB64-4FCB-9A2B-41FAD26BCF61}.Release|ARM64.ActiveCfg = Release|ARM64
		{BE96962C-AB64-4FCB-9A2B-41FAD26BCF61}.Release|ARM64.Build.0 = Release|ARM64
		{BE96962C-AB64-4FCB-9A2B-41FAD26BCF61}.Release|x64.ActiveCfg = Release|x64
		{BE96962C-AB64-4FCB-9A2B-41FAD26BCF61}.Release|x64.Build.0 = Release|x64
		{BE96962C-AB64-4FCB-9A2B-41FAD26BCF61}.Release|x86.ActiveCfg = Release|x64
		{BE96962C-AB64-4FCB-9A2B-41FAD26BCF61}.Release|x86.Build.0 = Release|x64
		{C17AAAC2-DE62-41AA-8D9F-DB6345C8C22C}.Debug|Any CPU.ActiveCfg = Debug|x64
		{C17AAAC2-DE62-41AA-8D9F-DB6345C8C22C}.Debug|Any CPU.Build.0 = Debug|x64
		{C17AAAC2-DE62-41AA-8D9F-DB6345C8C22C}.Debug|ARM64.ActiveCfg = Debug|ARM64
		{C17AAAC2-DE62-41AA-8D9F-DB6345C8C22C}.Debug|ARM64.Build.0 = Debug|ARM64
		{C17AAAC2-DE62-41AA-8D9F-DB6345C8C22C}.Debug|x64.ActiveCfg = Debug|x64
		{C17AAAC2-DE62-41AA-8D9F-DB6345C8C22C}.Debug|x64.Build.0 = Debug|x64
		{C17AAAC2-DE62-41AA-8D9F-DB6345C8C22C}.Debug|x86.ActiveCfg = Debug|x64
		{C17AAAC2-DE62-41AA-8D9F-DB6345C8C22C}.Debug|x86.Build.0 = Debug|x64
		{C17AAAC2-DE62-41AA-8D9F-DB6345C8C22C}.Release|Any CPU.ActiveCfg = Release|x64
		{C17AAAC2-DE62-41AA-8D9F-DB6345C8C22C}.Release|Any CPU.Build.0 = Release|x64
		{C17AAAC2-DE62-41AA-8D9F-DB6345C8C22C}.Release|ARM64.ActiveCfg = Release|ARM64
		{C17AAAC2-DE62-41AA-8D9F-DB6345C8C22C}.Release|ARM64.Build.0 = Release|ARM64
		{C17AAAC2-DE62-41AA-8D9F-DB6345C8C22C}.Release|x64.ActiveCfg = Release|x64
		{C17AAAC2-DE62-41AA-8D9F-DB6345C8C22C}.Release|x64.Build.0 = Release|x64
		{C17AAAC2-DE62-41AA-8D9F-DB6345C8C22C}.Release|x86.ActiveCfg = Release|x64
		{C17AAAC2-DE62-41AA-8D9F-DB6345C8C22C}.Release|x86.Build.0 = Release|x64
		{3593FFAA-9AB9-47DC-8D13-A943A469384A}.Debug|Any CPU.ActiveCfg = Debug|x64
		{3593FFAA-9AB9-47DC-8D13-A943A469384A}.Debug|Any CPU.Build.0 = Debug|x64
		{3593FFAA-9AB9-47DC-8D13-A943A469384A}.Debug|ARM64.ActiveCfg = Debug|ARM64
		{3593FFAA-9AB9-47DC-8D13-A943A469384A}.Debug|ARM64.Build.0 = Debug|ARM64
		{3593FFAA-9AB9-47DC-8D13-A943A469384A}.Debug|x64.ActiveCfg = Debug|x64
		{3593FFAA-9AB9-47DC-8D13-A943A469384A}.Debug|x64.Build.0 = Debug|x64
		{3593FFAA-9AB9-47DC-8D13-A943A469384A}.Debug|x86.ActiveCfg = Debug|x64
		{3593FFAA-9AB9-47DC-8D13-A943A469384A}.Debug|x86.Build.0 = Debug|x64
		{3593FFAA-9AB9-47DC-8D13-A943A469384A}.Release|Any CPU.ActiveCfg = Release|x64
		{3593FFAA-9AB9-47DC-8D13-A943A469384A}.Release|Any CPU.Build.0 = Release|x64
		{3593FFAA-9AB9-47DC-8D13-A943A469384A}.Release|ARM64.ActiveCfg = Release|ARM64
		{3593FFAA-9AB9-47DC-8D13-A943A469384A}.Release|ARM64.Build.0 = Release|ARM64
		{3593FFAA-9AB9-47DC-8D13-A943A469384A}.Release|x64.ActiveCfg = Release|x64
		{3593FFAA-9AB9-47DC-8D13-A943A469384A}.Release|x64.Build.0 = Release|x64
		{3593FFAA-9AB9-47DC-8D13-A943A469384A}.Release|x86.ActiveCfg = Release|x64
		{3593FFAA-9AB9-47DC-8D13-A943A469384A}.Release|x86.Build.0 = Release|x64
		{7736CE9C-0059-420C-A841-5B71293C1A88}.Debug|Any CPU.ActiveCfg = Debug|x64
		{7736CE9C-0059-420C-A841-5B71293C1A88}.Debug|Any CPU.Build.0 = Debug|x64
		{7736CE9C-0059-420C-A841-5B71293C1A88}.Debug|ARM64.ActiveCfg = Debug|ARM64
		{7736CE9C-0059-420C-A841-5B71293C1A88}.Debug|ARM64.Build.0 = Debug|ARM64
		{7736CE9C-0059-420C-A841-5B71293C1A88}.Debug|x64.ActiveCfg = Debug|x64
		{7736CE9C-0059-420C-A841-5B71293C1A88}.Debug|x64.Build.0 = Debug|x64
		{7736CE9C-0059-420C-A841-5B71293C1A88}.Debug|x86.ActiveCfg = Debug|x64
		{7736CE9C-0059-420C-A841-5B71293C1A88}.Debug|x86.Build.0 = Debug|x64
		{7736CE9C-0059-420C-A841-5B71293C1A88}.Release|Any CPU.ActiveCfg = Release|x64
		{7736CE9C-0059-420C-A841-5B71293C1A88}.Release|Any CPU.Build.0 = Release|x64
		{7736CE9C-0059-420C-A841-5B71293C1A88}.Release|ARM64.ActiveCfg = Release|ARM64
		{7736CE9C-0059-420C-A841-5B71293C1A88}.Release|ARM64.Build.0 = Release|ARM64
		{7736CE9C-0059-420C-A841-5B71293C1A88}.Release|x64.ActiveCfg = Release|x64
		{7736CE9C-0059-420C-A841-5B71293C1A88}.Release|x64.Build.0 = Release|x64
		{7736CE9C-0059-420C-A841-5B71293C1A88}.Release|x86.ActiveCfg = Release|x64
		{7736CE9C-0059-420C-A841-5B71293C1A88}.Release|x86.Build.0 = Release|x64
		{EAA08DC1-0C5A-45E0-BE00-639BE32B8F0A}.Debug|Any CPU.ActiveCfg = Debug|x64
		{EAA08DC1-0C5A-45E0-BE00-639BE32B8F0A}.Debug|Any CPU.Build.0 = Debug|x64
		{EAA08DC1-0C5A-45E0-BE00-639BE32B8F0A}.Debug|ARM64.ActiveCfg = Debug|ARM64
		{EAA08DC1-0C5A-45E0-BE00-639BE32B8F0A}.Debug|ARM64.Build.0 = Debug|ARM64
		{EAA08DC1-0C5A-45E0-BE00-639BE32B8F0A}.Debug|x64.ActiveCfg = Debug|x64
		{EAA08DC1-0C5A-45E0-BE00-639BE32B8F0A}.Debug|x64.Build.0 = Debug|x64
		{EAA08DC1-0C5A-45E0-BE00-639BE32B8F0A}.Debug|x86.ActiveCfg = Debug|x64
		{EAA08DC1-0C5A-45E0-BE00-639BE32B8F0A}.Debug|x86.Build.0 = Debug|x64
		{EAA08DC1-0C5A-45E0-BE00-639BE32B8F0A}.Release|Any CPU.ActiveCfg = Release|x64
		{EAA08DC1-0C5A-45E0-BE00-639BE32B8F0A}.Release|Any CPU.Build.0 = Release|x64
		{EAA08DC1-0C5A-45E0-BE00-639BE32B8F0A}.Release|ARM64.ActiveCfg = Release|ARM64
		{EAA08DC1-0C5A-45E0-BE00-639BE32B8F0A}.Release|ARM64.Build.0 = Release|ARM64
		{EAA08DC1-0C5A-45E0-BE00-639BE32B8F0A}.Release|x64.ActiveCfg = Release|x64
		{EAA08DC1-0C5A-45E0-BE00-639BE32B8F0A}.Release|x64.Build.0 = Release|x64
		{EAA08DC1-0C5A-45E0-BE00-639BE32B8F0A}.Release|x86.ActiveCfg = Release|x64
		{EAA08DC1-0C5A-45E0-BE00-639BE32B8F0A}.Release|x86.Build.0 = Release|x64
		{8B8E05E3-F002-4A01-852C-B537041BFF8C}.Debug|Any CPU.ActiveCfg = Debug|x64
		{8B8E05E3-F002-4A01-852C-B537041BFF8C}.Debug|Any CPU.Build.0 = Debug|x64
		{8B8E05E3-F002-4A01-852C-B537041BFF8C}.Debug|ARM64.ActiveCfg = Debug|ARM64
		{8B8E05E3-F002-4A01-852C-B537041BFF8C}.Debug|ARM64.Build.0 = Debug|ARM64
		{8B8E05E3-F002-4A01-852C-B537041BFF8C}.Debug|x64.ActiveCfg = Debug|x64
		{8B8E05E3-F002-4A01-852C-B537041BFF8C}.Debug|x64.Build.0 = Debug|x64
		{8B8E05E3-F002-4A01-852C-B537041BFF8C}.Debug|x86.ActiveCfg = Debug|x64
		{8B8E05E3-F002-4A01-852C-B537041BFF8C}.Debug|x86.Build.0 = Debug|x64
		{8B8E05E3-F002-4A01-852C-B537041BFF8C}.Release|Any CPU.ActiveCfg = Release|x64
		{8B8E05E3-F002-4A01-852C-B537041BFF8C}.Release|Any CPU.Build.0 = Release|x64
		{8B8E05E3-F002-4A01-852C-B537041BFF8C}.Release|ARM64.ActiveCfg = Release|ARM64
		{8B8E05E3-F002-4A01-852C-B537041BFF8C}.Release|ARM64.Build.0 = Release|ARM64
		{8B8E05E3-F002-4A01-852C-B537041BFF8C}.Release|x64.ActiveCfg = Release|x64
		{8B8E05E3-F002-4A01-852C-B537041BFF8C}.Release|x64.Build.0 = Release|x64
		{8B8E05E3-F002-4A01-852C-B537041BFF8C}.Release|x86.ActiveCfg = Release|x64
		{8B8E05E3-F002-4A01-852C-B537041BFF8C}.Release|x86.Build.0 = Release|x64
		{6446CF2C-3AA1-4294-AD99-49FDB05F0365}.Debug|Any CPU.ActiveCfg = Debug|Any CPU
		{6446CF2C-3AA1-4294-AD99-49FDB05F0365}.Debug|ARM64.ActiveCfg = Debug|Any CPU
		{6446CF2C-3AA1-4294-AD99-49FDB05F0365}.Debug|x64.ActiveCfg = Debug|x64
		{6446CF2C-3AA1-4294-AD99-49FDB05F0365}.Debug|x64.Build.0 = Debug|x64
		{6446CF2C-3AA1-4294-AD99-49FDB05F0365}.Debug|x86.ActiveCfg = Debug|Any CPU
		{6446CF2C-3AA1-4294-AD99-49FDB05F0365}.Release|Any CPU.ActiveCfg = Release|Any CPU
		{6446CF2C-3AA1-4294-AD99-49FDB05F0365}.Release|ARM64.ActiveCfg = Release|Any CPU
		{6446CF2C-3AA1-4294-AD99-49FDB05F0365}.Release|x64.ActiveCfg = Release|x64
		{6446CF2C-3AA1-4294-AD99-49FDB05F0365}.Release|x64.Build.0 = Release|x64
		{6446CF2C-3AA1-4294-AD99-49FDB05F0365}.Release|x86.ActiveCfg = Release|Any CPU
		{CB709B84-F614-491B-AF69-D69ACADB303A}.Debug|Any CPU.ActiveCfg = Debug|x64
		{CB709B84-F614-491B-AF69-D69ACADB303A}.Debug|Any CPU.Build.0 = Debug|x64
		{CB709B84-F614-491B-AF69-D69ACADB303A}.Debug|ARM64.ActiveCfg = Debug|ARM64
		{CB709B84-F614-491B-AF69-D69ACADB303A}.Debug|ARM64.Build.0 = Debug|ARM64
		{CB709B84-F614-491B-AF69-D69ACADB303A}.Debug|x64.ActiveCfg = Debug|x64
		{CB709B84-F614-491B-AF69-D69ACADB303A}.Debug|x64.Build.0 = Debug|x64
		{CB709B84-F614-491B-AF69-D69ACADB303A}.Debug|x86.ActiveCfg = Debug|x64
		{CB709B84-F614-491B-AF69-D69ACADB303A}.Debug|x86.Build.0 = Debug|x64
		{CB709B84-F614-491B-AF69-D69ACADB303A}.Release|Any CPU.ActiveCfg = Release|x64
		{CB709B84-F614-491B-AF69-D69ACADB303A}.Release|Any CPU.Build.0 = Release|x64
		{CB709B84-F614-491B-AF69-D69ACADB303A}.Release|ARM64.ActiveCfg = Release|ARM64
		{CB709B84-F614-491B-AF69-D69ACADB303A}.Release|ARM64.Build.0 = Release|ARM64
		{CB709B84-F614-491B-AF69-D69ACADB303A}.Release|x64.ActiveCfg = Release|x64
		{CB709B84-F614-491B-AF69-D69ACADB303A}.Release|x64.Build.0 = Release|x64
		{CB709B84-F614-491B-AF69-D69ACADB303A}.Release|x86.ActiveCfg = Release|x64
		{CB709B84-F614-491B-AF69-D69ACADB303A}.Release|x86.Build.0 = Release|x64
		{1BEA1A24-9C84-4882-B079-25E59C98B87C}.Debug|Any CPU.ActiveCfg = Debug|x64
		{1BEA1A24-9C84-4882-B079-25E59C98B87C}.Debug|Any CPU.Build.0 = Debug|x64
		{1BEA1A24-9C84-4882-B079-25E59C98B87C}.Debug|ARM64.ActiveCfg = Debug|ARM64
		{1BEA1A24-9C84-4882-B079-25E59C98B87C}.Debug|ARM64.Build.0 = Debug|ARM64
		{1BEA1A24-9C84-4882-B079-25E59C98B87C}.Debug|x64.ActiveCfg = Debug|x64
		{1BEA1A24-9C84-4882-B079-25E59C98B87C}.Debug|x64.Build.0 = Debug|x64
		{1BEA1A24-9C84-4882-B079-25E59C98B87C}.Debug|x86.ActiveCfg = Debug|x64
		{1BEA1A24-9C84-4882-B079-25E59C98B87C}.Debug|x86.Build.0 = Debug|x64
		{1BEA1A24-9C84-4882-B079-25E59C98B87C}.Release|Any CPU.ActiveCfg = Release|x64
		{1BEA1A24-9C84-4882-B079-25E59C98B87C}.Release|Any CPU.Build.0 = Release|x64
		{1BEA1A24-9C84-4882-B079-25E59C98B87C}.Release|ARM64.ActiveCfg = Release|ARM64
		{1BEA1A24-9C84-4882-B079-25E59C98B87C}.Release|ARM64.Build.0 = Release|ARM64
		{1BEA1A24-9C84-4882-B079-25E59C98B87C}.Release|x64.ActiveCfg = Release|x64
		{1BEA1A24-9C84-4882-B079-25E59C98B87C}.Release|x64.Build.0 = Release|x64
		{1BEA1A24-9C84-4882-B079-25E59C98B87C}.Release|x86.ActiveCfg = Release|x64
		{1BEA1A24-9C84-4882-B079-25E59C98B87C}.Release|x86.Build.0 = Release|x64
		{6D8B92D2-0992-4DCC-B683-F4A5B254526F}.Debug|Any CPU.ActiveCfg = Debug|x64
		{6D8B92D2-0992-4DCC-B683-F4A5B254526F}.Debug|Any CPU.Build.0 = Debug|x64
		{6D8B92D2-0992-4DCC-B683-F4A5B254526F}.Debug|ARM64.ActiveCfg = Debug|ARM64
		{6D8B92D2-0992-4DCC-B683-F4A5B254526F}.Debug|ARM64.Build.0 = Debug|ARM64
		{6D8B92D2-0992-4DCC-B683-F4A5B254526F}.Debug|x64.ActiveCfg = Debug|x64
		{6D8B92D2-0992-4DCC-B683-F4A5B254526F}.Debug|x64.Build.0 = Debug|x64
		{6D8B92D2-0992-4DCC-B683-F4A5B254526F}.Debug|x86.ActiveCfg = Debug|x64
		{6D8B92D2-0992-4DCC-B683-F4A5B254526F}.Debug|x86.Build.0 = Debug|x64
		{6D8B92D2-0992-4DCC-B683-F4A5B254526F}.Release|Any CPU.ActiveCfg = Release|x64
		{6D8B92D2-0992-4DCC-B683-F4A5B254526F}.Release|Any CPU.Build.0 = Release|x64
		{6D8B92D2-0992-4DCC-B683-F4A5B254526F}.Release|ARM64.ActiveCfg = Release|ARM64
		{6D8B92D2-0992-4DCC-B683-F4A5B254526F}.Release|ARM64.Build.0 = Release|ARM64
		{6D8B92D2-0992-4DCC-B683-F4A5B254526F}.Release|x64.ActiveCfg = Release|x64
		{6D8B92D2-0992-4DCC-B683-F4A5B254526F}.Release|x64.Build.0 = Release|x64
		{6D8B92D2-0992-4DCC-B683-F4A5B254526F}.Release|x86.ActiveCfg = Release|x64
		{6D8B92D2-0992-4DCC-B683-F4A5B254526F}.Release|x86.Build.0 = Release|x64
		{5B6F1F8E-623D-4005-AED5-2BCCA458E2C3}.Debug|Any CPU.ActiveCfg = Debug|x64
		{5B6F1F8E-623D-4005-AED5-2BCCA458E2C3}.Debug|Any CPU.Build.0 = Debug|x64
		{5B6F1F8E-623D-4005-AED5-2BCCA458E2C3}.Debug|ARM64.ActiveCfg = Debug|ARM64
		{5B6F1F8E-623D-4005-AED5-2BCCA458E2C3}.Debug|ARM64.Build.0 = Debug|ARM64
		{5B6F1F8E-623D-4005-AED5-2BCCA458E2C3}.Debug|x64.ActiveCfg = Debug|x64
		{5B6F1F8E-623D-4005-AED5-2BCCA458E2C3}.Debug|x64.Build.0 = Debug|x64
		{5B6F1F8E-623D-4005-AED5-2BCCA458E2C3}.Debug|x86.ActiveCfg = Debug|x64
		{5B6F1F8E-623D-4005-AED5-2BCCA458E2C3}.Debug|x86.Build.0 = Debug|x64
		{5B6F1F8E-623D-4005-AED5-2BCCA458E2C3}.Release|Any CPU.ActiveCfg = Release|x64
		{5B6F1F8E-623D-4005-AED5-2BCCA458E2C3}.Release|Any CPU.Build.0 = Release|x64
		{5B6F1F8E-623D-4005-AED5-2BCCA458E2C3}.Release|ARM64.ActiveCfg = Release|ARM64
		{5B6F1F8E-623D-4005-AED5-2BCCA458E2C3}.Release|ARM64.Build.0 = Release|ARM64
		{5B6F1F8E-623D-4005-AED5-2BCCA458E2C3}.Release|x64.ActiveCfg = Release|x64
		{5B6F1F8E-623D-4005-AED5-2BCCA458E2C3}.Release|x64.Build.0 = Release|x64
		{5B6F1F8E-623D-4005-AED5-2BCCA458E2C3}.Release|x86.ActiveCfg = Release|x64
		{5B6F1F8E-623D-4005-AED5-2BCCA458E2C3}.Release|x86.Build.0 = Release|x64
		{51E0F7EE-4ABB-4595-95C5-48D9B9D2EAA9}.Debug|Any CPU.ActiveCfg = Debug|x64
		{51E0F7EE-4ABB-4595-95C5-48D9B9D2EAA9}.Debug|Any CPU.Build.0 = Debug|x64
		{51E0F7EE-4ABB-4595-95C5-48D9B9D2EAA9}.Debug|ARM64.ActiveCfg = Debug|ARM64
		{51E0F7EE-4ABB-4595-95C5-48D9B9D2EAA9}.Debug|ARM64.Build.0 = Debug|ARM64
		{51E0F7EE-4ABB-4595-95C5-48D9B9D2EAA9}.Debug|x64.ActiveCfg = Debug|x64
		{51E0F7EE-4ABB-4595-95C5-48D9B9D2EAA9}.Debug|x64.Build.0 = Debug|x64
		{51E0F7EE-4ABB-4595-95C5-48D9B9D2EAA9}.Debug|x86.ActiveCfg = Debug|x64
		{51E0F7EE-4ABB-4595-95C5-48D9B9D2EAA9}.Debug|x86.Build.0 = Debug|x64
		{51E0F7EE-4ABB-4595-95C5-48D9B9D2EAA9}.Release|Any CPU.ActiveCfg = Release|x64
		{51E0F7EE-4ABB-4595-95C5-48D9B9D2EAA9}.Release|Any CPU.Build.0 = Release|x64
		{51E0F7EE-4ABB-4595-95C5-48D9B9D2EAA9}.Release|ARM64.ActiveCfg = Release|ARM64
		{51E0F7EE-4ABB-4595-95C5-48D9B9D2EAA9}.Release|ARM64.Build.0 = Release|ARM64
		{51E0F7EE-4ABB-4595-95C5-48D9B9D2EAA9}.Release|x64.ActiveCfg = Release|x64
		{51E0F7EE-4ABB-4595-95C5-48D9B9D2EAA9}.Release|x64.Build.0 = Release|x64
		{51E0F7EE-4ABB-4595-95C5-48D9B9D2EAA9}.Release|x86.ActiveCfg = Release|x64
		{51E0F7EE-4ABB-4595-95C5-48D9B9D2EAA9}.Release|x86.Build.0 = Release|x64
		{D45AF1EE-BBBA-4F98-9A06-08E408F78681}.Debug|Any CPU.ActiveCfg = Debug|x64
		{D45AF1EE-BBBA-4F98-9A06-08E408F78681}.Debug|Any CPU.Build.0 = Debug|x64
		{D45AF1EE-BBBA-4F98-9A06-08E408F78681}.Debug|ARM64.ActiveCfg = Debug|ARM64
		{D45AF1EE-BBBA-4F98-9A06-08E408F78681}.Debug|ARM64.Build.0 = Debug|ARM64
		{D45AF1EE-BBBA-4F98-9A06-08E408F78681}.Debug|x64.ActiveCfg = Debug|x64
		{D45AF1EE-BBBA-4F98-9A06-08E408F78681}.Debug|x64.Build.0 = Debug|x64
		{D45AF1EE-BBBA-4F98-9A06-08E408F78681}.Debug|x86.ActiveCfg = Debug|x64
		{D45AF1EE-BBBA-4F98-9A06-08E408F78681}.Debug|x86.Build.0 = Debug|x64
		{D45AF1EE-BBBA-4F98-9A06-08E408F78681}.Release|Any CPU.ActiveCfg = Release|x64
		{D45AF1EE-BBBA-4F98-9A06-08E408F78681}.Release|Any CPU.Build.0 = Release|x64
		{D45AF1EE-BBBA-4F98-9A06-08E408F78681}.Release|ARM64.ActiveCfg = Release|ARM64
		{D45AF1EE-BBBA-4F98-9A06-08E408F78681}.Release|ARM64.Build.0 = Release|ARM64
		{D45AF1EE-BBBA-4F98-9A06-08E408F78681}.Release|x64.ActiveCfg = Release|x64
		{D45AF1EE-BBBA-4F98-9A06-08E408F78681}.Release|x64.Build.0 = Release|x64
		{D45AF1EE-BBBA-4F98-9A06-08E408F78681}.Release|x86.ActiveCfg = Release|x64
		{D45AF1EE-BBBA-4F98-9A06-08E408F78681}.Release|x86.Build.0 = Release|x64
		{FC5502D5-7F00-4020-BE48-4CB9691CEA34}.Debug|Any CPU.ActiveCfg = Debug|x64
		{FC5502D5-7F00-4020-BE48-4CB9691CEA34}.Debug|Any CPU.Build.0 = Debug|x64
		{FC5502D5-7F00-4020-BE48-4CB9691CEA34}.Debug|ARM64.ActiveCfg = Debug|ARM64
		{FC5502D5-7F00-4020-BE48-4CB9691CEA34}.Debug|ARM64.Build.0 = Debug|ARM64
		{FC5502D5-7F00-4020-BE48-4CB9691CEA34}.Debug|x64.ActiveCfg = Debug|x64
		{FC5502D5-7F00-4020-BE48-4CB9691CEA34}.Debug|x64.Build.0 = Debug|x64
		{FC5502D5-7F00-4020-BE48-4CB9691CEA34}.Debug|x86.ActiveCfg = Debug|x64
		{FC5502D5-7F00-4020-BE48-4CB9691CEA34}.Debug|x86.Build.0 = Debug|x64
		{FC5502D5-7F00-4020-BE48-4CB9691CEA34}.Release|Any CPU.ActiveCfg = Release|x64
		{FC5502D5-7F00-4020-BE48-4CB9691CEA34}.Release|Any CPU.Build.0 = Release|x64
		{FC5502D5-7F00-4020-BE48-4CB9691CEA34}.Release|ARM64.ActiveCfg = Release|ARM64
		{FC5502D5-7F00-4020-BE48-4CB9691CEA34}.Release|ARM64.Build.0 = Release|ARM64
		{FC5502D5-7F00-4020-BE48-4CB9691CEA34}.Release|x64.ActiveCfg = Release|x64
		{FC5502D5-7F00-4020-BE48-4CB9691CEA34}.Release|x64.Build.0 = Release|x64
		{FC5502D5-7F00-4020-BE48-4CB9691CEA34}.Release|x86.ActiveCfg = Release|x64
		{FC5502D5-7F00-4020-BE48-4CB9691CEA34}.Release|x86.Build.0 = Release|x64
		{C9161601-FF81-23AB-59D7-A7B53E00C200}.Debug|Any CPU.ActiveCfg = Debug|x64
		{C9161601-FF81-23AB-59D7-A7B53E00C200}.Debug|Any CPU.Build.0 = Debug|x64
		{C9161601-FF81-23AB-59D7-A7B53E00C200}.Debug|ARM64.ActiveCfg = Debug|ARM64
		{C9161601-FF81-23AB-59D7-A7B53E00C200}.Debug|ARM64.Build.0 = Debug|ARM64
		{C9161601-FF81-23AB-59D7-A7B53E00C200}.Debug|x64.ActiveCfg = Debug|x64
		{C9161601-FF81-23AB-59D7-A7B53E00C200}.Debug|x64.Build.0 = Debug|x64
		{C9161601-FF81-23AB-59D7-A7B53E00C200}.Debug|x86.ActiveCfg = Debug|x64
		{C9161601-FF81-23AB-59D7-A7B53E00C200}.Debug|x86.Build.0 = Debug|x64
		{C9161601-FF81-23AB-59D7-A7B53E00C200}.Release|Any CPU.ActiveCfg = Release|x64
		{C9161601-FF81-23AB-59D7-A7B53E00C200}.Release|Any CPU.Build.0 = Release|x64
		{C9161601-FF81-23AB-59D7-A7B53E00C200}.Release|ARM64.ActiveCfg = Release|ARM64
		{C9161601-FF81-23AB-59D7-A7B53E00C200}.Release|ARM64.Build.0 = Release|ARM64
		{C9161601-FF81-23AB-59D7-A7B53E00C200}.Release|x64.ActiveCfg = Release|x64
		{C9161601-FF81-23AB-59D7-A7B53E00C200}.Release|x64.Build.0 = Release|x64
		{C9161601-FF81-23AB-59D7-A7B53E00C200}.Release|x86.ActiveCfg = Release|x64
		{C9161601-FF81-23AB-59D7-A7B53E00C200}.Release|x86.Build.0 = Release|x64
		{87FFB8BB-20C4-4D0D-8EF6-A39B0C14FF3A}.Debug|Any CPU.ActiveCfg = Debug|x64
		{87FFB8BB-20C4-4D0D-8EF6-A39B0C14FF3A}.Debug|Any CPU.Build.0 = Debug|x64
		{87FFB8BB-20C4-4D0D-8EF6-A39B0C14FF3A}.Debug|ARM64.ActiveCfg = Debug|x64
		{87FFB8BB-20C4-4D0D-8EF6-A39B0C14FF3A}.Debug|ARM64.Build.0 = Debug|x64
		{87FFB8BB-20C4-4D0D-8EF6-A39B0C14FF3A}.Debug|x64.ActiveCfg = Debug|x64
		{87FFB8BB-20C4-4D0D-8EF6-A39B0C14FF3A}.Debug|x64.Build.0 = Debug|x64
		{87FFB8BB-20C4-4D0D-8EF6-A39B0C14FF3A}.Debug|x86.ActiveCfg = Debug|Win32
		{87FFB8BB-20C4-4D0D-8EF6-A39B0C14FF3A}.Debug|x86.Build.0 = Debug|Win32
		{87FFB8BB-20C4-4D0D-8EF6-A39B0C14FF3A}.Release|Any CPU.ActiveCfg = Release|x64
		{87FFB8BB-20C4-4D0D-8EF6-A39B0C14FF3A}.Release|Any CPU.Build.0 = Release|x64
		{87FFB8BB-20C4-4D0D-8EF6-A39B0C14FF3A}.Release|ARM64.ActiveCfg = Release|x64
		{87FFB8BB-20C4-4D0D-8EF6-A39B0C14FF3A}.Release|ARM64.Build.0 = Release|x64
		{87FFB8BB-20C4-4D0D-8EF6-A39B0C14FF3A}.Release|x64.ActiveCfg = Release|x64
		{87FFB8BB-20C4-4D0D-8EF6-A39B0C14FF3A}.Release|x64.Build.0 = Release|x64
		{87FFB8BB-20C4-4D0D-8EF6-A39B0C14FF3A}.Release|x86.ActiveCfg = Release|Win32
		{87FFB8BB-20C4-4D0D-8EF6-A39B0C14FF3A}.Release|x86.Build.0 = Release|Win32
		{7568CD41-78C1-415F-9F3B-73283392B60D}.Debug|Any CPU.ActiveCfg = Debug|x64
		{7568CD41-78C1-415F-9F3B-73283392B60D}.Debug|Any CPU.Build.0 = Debug|x64
		{7568CD41-78C1-415F-9F3B-73283392B60D}.Debug|ARM64.ActiveCfg = Debug|x64
		{7568CD41-78C1-415F-9F3B-73283392B60D}.Debug|ARM64.Build.0 = Debug|x64
		{7568CD41-78C1-415F-9F3B-73283392B60D}.Debug|x64.ActiveCfg = Debug|x64
		{7568CD41-78C1-415F-9F3B-73283392B60D}.Debug|x64.Build.0 = Debug|x64
		{7568CD41-78C1-415F-9F3B-73283392B60D}.Debug|x86.ActiveCfg = Debug|Win32
		{7568CD41-78C1-415F-9F3B-73283392B60D}.Debug|x86.Build.0 = Debug|Win32
		{7568CD41-78C1-415F-9F3B-73283392B60D}.Release|Any CPU.ActiveCfg = Release|x64
		{7568CD41-78C1-415F-9F3B-73283392B60D}.Release|Any CPU.Build.0 = Release|x64
		{7568CD41-78C1-415F-9F3B-73283392B60D}.Release|ARM64.ActiveCfg = Release|x64
		{7568CD41-78C1-415F-9F3B-73283392B60D}.Release|ARM64.Build.0 = Release|x64
		{7568CD41-78C1-415F-9F3B-73283392B60D}.Release|x64.ActiveCfg = Release|x64
		{7568CD41-78C1-415F-9F3B-73283392B60D}.Release|x64.Build.0 = Release|x64
		{7568CD41-78C1-415F-9F3B-73283392B60D}.Release|x86.ActiveCfg = Release|Win32
		{7568CD41-78C1-415F-9F3B-73283392B60D}.Release|x86.Build.0 = Release|Win32
		{AA343239-476E-43E3-BEE3-D3313C883341}.Debug|Any CPU.ActiveCfg = Debug|x64
		{AA343239-476E-43E3-BEE3-D3313C883341}.Debug|Any CPU.Build.0 = Debug|x64
		{AA343239-476E-43E3-BEE3-D3313C883341}.Debug|ARM64.ActiveCfg = Debug|x64
		{AA343239-476E-43E3-BEE3-D3313C883341}.Debug|ARM64.Build.0 = Debug|x64
		{AA343239-476E-43E3-BEE3-D3313C883341}.Debug|x64.ActiveCfg = Debug|x64
		{AA343239-476E-43E3-BEE3-D3313C883341}.Debug|x64.Build.0 = Debug|x64
		{AA343239-476E-43E3-BEE3-D3313C883341}.Debug|x86.ActiveCfg = Debug|Win32
		{AA343239-476E-43E3-BEE3-D3313C883341}.Debug|x86.Build.0 = Debug|Win32
		{AA343239-476E-43E3-BEE3-D3313C883341}.Release|Any CPU.ActiveCfg = Release|x64
		{AA343239-476E-43E3-BEE3-D3313C883341}.Release|Any CPU.Build.0 = Release|x64
		{AA343239-476E-43E3-BEE3-D3313C883341}.Release|ARM64.ActiveCfg = Release|x64
		{AA343239-476E-43E3-BEE3-D3313C883341}.Release|ARM64.Build.0 = Release|x64
		{AA343239-476E-43E3-BEE3-D3313C883341}.Release|x64.ActiveCfg = Release|x64
		{AA343239-476E-43E3-BEE3-D3313C883341}.Release|x64.Build.0 = Release|x64
		{AA343239-476E-43E3-BEE3-D3313C883341}.Release|x86.ActiveCfg = Release|Win32
		{AA343239-476E-43E3-BEE3-D3313C883341}.Release|x86.Build.0 = Release|Win32
		{70F1E145-B0F9-4D7D-8557-D9996B45EC2A}.Debug|Any CPU.ActiveCfg = Debug|x64
		{70F1E145-B0F9-4D7D-8557-D9996B45EC2A}.Debug|Any CPU.Build.0 = Debug|x64
		{70F1E145-B0F9-4D7D-8557-D9996B45EC2A}.Debug|ARM64.ActiveCfg = Debug|ARM64
		{70F1E145-B0F9-4D7D-8557-D9996B45EC2A}.Debug|ARM64.Build.0 = Debug|ARM64
		{70F1E145-B0F9-4D7D-8557-D9996B45EC2A}.Debug|x64.ActiveCfg = Debug|x64
		{70F1E145-B0F9-4D7D-8557-D9996B45EC2A}.Debug|x64.Build.0 = Debug|x64
		{70F1E145-B0F9-4D7D-8557-D9996B45EC2A}.Debug|x86.ActiveCfg = Debug|x64
		{70F1E145-B0F9-4D7D-8557-D9996B45EC2A}.Debug|x86.Build.0 = Debug|x64
		{70F1E145-B0F9-4D7D-8557-D9996B45EC2A}.Release|Any CPU.ActiveCfg = Release|x64
		{70F1E145-B0F9-4D7D-8557-D9996B45EC2A}.Release|Any CPU.Build.0 = Release|x64
		{70F1E145-B0F9-4D7D-8557-D9996B45EC2A}.Release|ARM64.ActiveCfg = Release|ARM64
		{70F1E145-B0F9-4D7D-8557-D9996B45EC2A}.Release|ARM64.Build.0 = Release|ARM64
		{70F1E145-B0F9-4D7D-8557-D9996B45EC2A}.Release|x64.ActiveCfg = Release|x64
		{70F1E145-B0F9-4D7D-8557-D9996B45EC2A}.Release|x64.Build.0 = Release|x64
		{70F1E145-B0F9-4D7D-8557-D9996B45EC2A}.Release|x86.ActiveCfg = Release|x64
		{70F1E145-B0F9-4D7D-8557-D9996B45EC2A}.Release|x86.Build.0 = Release|x64
		{8716CF0F-7104-1CCD-8D2A-EA9963ABC719}.Debug|Any CPU.ActiveCfg = Debug|x64
		{8716CF0F-7104-1CCD-8D2A-EA9963ABC719}.Debug|Any CPU.Build.0 = Debug|x64
		{8716CF0F-7104-1CCD-8D2A-EA9963ABC719}.Debug|ARM64.ActiveCfg = Debug|ARM64
		{8716CF0F-7104-1CCD-8D2A-EA9963ABC719}.Debug|ARM64.Build.0 = Debug|ARM64
		{8716CF0F-7104-1CCD-8D2A-EA9963ABC719}.Debug|x64.ActiveCfg = Debug|x64
		{8716CF0F-7104-1CCD-8D2A-EA9963ABC719}.Debug|x64.Build.0 = Debug|x64
		{8716CF0F-7104-1CCD-8D2A-EA9963ABC719}.Debug|x86.ActiveCfg = Debug|x64
		{8716CF0F-7104-1CCD-8D2A-EA9963ABC719}.Debug|x86.Build.0 = Debug|x64
		{8716CF0F-7104-1CCD-8D2A-EA9963ABC719}.Release|Any CPU.ActiveCfg = Release|x64
		{8716CF0F-7104-1CCD-8D2A-EA9963ABC719}.Release|Any CPU.Build.0 = Release|x64
		{8716CF0F-7104-1CCD-8D2A-EA9963ABC719}.Release|ARM64.ActiveCfg = Release|ARM64
		{8716CF0F-7104-1CCD-8D2A-EA9963ABC719}.Release|ARM64.Build.0 = Release|ARM64
		{8716CF0F-7104-1CCD-8D2A-EA9963ABC719}.Release|x64.ActiveCfg = Release|x64
		{8716CF0F-7104-1CCD-8D2A-EA9963ABC719}.Release|x64.Build.0 = Release|x64
		{8716CF0F-7104-1CCD-8D2A-EA9963ABC719}.Release|x86.ActiveCfg = Release|x64
		{8716CF0F-7104-1CCD-8D2A-EA9963ABC719}.Release|x86.Build.0 = Release|x64
		{0BB55149-1CD3-25FF-B6BD-D7F715DE3280}.Debug|Any CPU.ActiveCfg = Debug|x64
		{0BB55149-1CD3-25FF-B6BD-D7F715DE3280}.Debug|Any CPU.Build.0 = Debug|x64
		{0BB55149-1CD3-25FF-B6BD-D7F715DE3280}.Debug|ARM64.ActiveCfg = Debug|ARM64
		{0BB55149-1CD3-25FF-B6BD-D7F715DE3280}.Debug|ARM64.Build.0 = Debug|ARM64
		{0BB55149-1CD3-25FF-B6BD-D7F715DE3280}.Debug|x64.ActiveCfg = Debug|x64
		{0BB55149-1CD3-25FF-B6BD-D7F715DE3280}.Debug|x64.Build.0 = Debug|x64
		{0BB55149-1CD3-25FF-B6BD-D7F715DE3280}.Debug|x86.ActiveCfg = Debug|x64
		{0BB55149-1CD3-25FF-B6BD-D7F715DE3280}.Debug|x86.Build.0 = Debug|x64
		{0BB55149-1CD3-25FF-B6BD-D7F715DE3280}.Release|Any CPU.ActiveCfg = Release|x64
		{0BB55149-1CD3-25FF-B6BD-D7F715DE3280}.Release|Any CPU.Build.0 = Release|x64
		{0BB55149-1CD3-25FF-B6BD-D7F715DE3280}.Release|ARM64.ActiveCfg = Release|ARM64
		{0BB55149-1CD3-25FF-B6BD-D7F715DE3280}.Release|ARM64.Build.0 = Release|ARM64
		{0BB55149-1CD3-25FF-B6BD-D7F715DE3280}.Release|x64.ActiveCfg = Release|x64
		{0BB55149-1CD3-25FF-B6BD-D7F715DE3280}.Release|x64.Build.0 = Release|x64
		{0BB55149-1CD3-25FF-B6BD-D7F715DE3280}.Release|x86.ActiveCfg = Release|x64
		{0BB55149-1CD3-25FF-B6BD-D7F715DE3280}.Release|x86.Build.0 = Release|x64
		{187E3B72-74F4-4A97-9D35-B4448D4B54FE}.Debug|Any CPU.ActiveCfg = Debug|x64
		{187E3B72-74F4-4A97-9D35-B4448D4B54FE}.Debug|Any CPU.Build.0 = Debug|x64
		{187E3B72-74F4-4A97-9D35-B4448D4B54FE}.Debug|ARM64.ActiveCfg = Debug|ARM64
		{187E3B72-74F4-4A97-9D35-B4448D4B54FE}.Debug|ARM64.Build.0 = Debug|ARM64
		{187E3B72-74F4-4A97-9D35-B4448D4B54FE}.Debug|x64.ActiveCfg = Debug|x64
		{187E3B72-74F4-4A97-9D35-B4448D4B54FE}.Debug|x64.Build.0 = Debug|x64
		{187E3B72-74F4-4A97-9D35-B4448D4B54FE}.Debug|x86.ActiveCfg = Debug|x64
		{187E3B72-74F4-4A97-9D35-B4448D4B54FE}.Debug|x86.Build.0 = Debug|x64
		{187E3B72-74F4-4A97-9D35-B4448D4B54FE}.Release|Any CPU.ActiveCfg = Release|x64
		{187E3B72-74F4-4A97-9D35-B4448D4B54FE}.Release|Any CPU.Build.0 = Release|x64
		{187E3B72-74F4-4A97-9D35-B4448D4B54FE}.Release|ARM64.ActiveCfg = Release|ARM64
		{187E3B72-74F4-4A97-9D35-B4448D4B54FE}.Release|ARM64.Build.0 = Release|ARM64
		{187E3B72-74F4-4A97-9D35-B4448D4B54FE}.Release|x64.ActiveCfg = Release|x64
		{187E3B72-74F4-4A97-9D35-B4448D4B54FE}.Release|x64.Build.0 = Release|x64
		{187E3B72-74F4-4A97-9D35-B4448D4B54FE}.Release|x86.ActiveCfg = Release|x64
		{187E3B72-74F4-4A97-9D35-B4448D4B54FE}.Release|x86.Build.0 = Release|x64
		{8C3BDD69-584C-3C95-6157-1EA50C7B1CD6}.Debug|Any CPU.ActiveCfg = Debug|x64
		{8C3BDD69-584C-3C95-6157-1EA50C7B1CD6}.Debug|Any CPU.Build.0 = Debug|x64
		{8C3BDD69-584C-3C95-6157-1EA50C7B1CD6}.Debug|ARM64.ActiveCfg = Debug|ARM64
		{8C3BDD69-584C-3C95-6157-1EA50C7B1CD6}.Debug|ARM64.Build.0 = Debug|ARM64
		{8C3BDD69-584C-3C95-6157-1EA50C7B1CD6}.Debug|x64.ActiveCfg = Debug|x64
		{8C3BDD69-584C-3C95-6157-1EA50C7B1CD6}.Debug|x64.Build.0 = Debug|x64
		{8C3BDD69-584C-3C95-6157-1EA50C7B1CD6}.Debug|x86.ActiveCfg = Debug|x64
		{8C3BDD69-584C-3C95-6157-1EA50C7B1CD6}.Debug|x86.Build.0 = Debug|x64
		{8C3BDD69-584C-3C95-6157-1EA50C7B1CD6}.Release|Any CPU.ActiveCfg = Release|x64
		{8C3BDD69-584C-3C95-6157-1EA50C7B1CD6}.Release|Any CPU.Build.0 = Release|x64
		{8C3BDD69-584C-3C95-6157-1EA50C7B1CD6}.Release|ARM64.ActiveCfg = Release|ARM64
		{8C3BDD69-584C-3C95-6157-1EA50C7B1CD6}.Release|ARM64.Build.0 = Release|ARM64
		{8C3BDD69-584C-3C95-6157-1EA50C7B1CD6}.Release|x64.ActiveCfg = Release|x64
		{8C3BDD69-584C-3C95-6157-1EA50C7B1CD6}.Release|x64.Build.0 = Release|x64
		{8C3BDD69-584C-3C95-6157-1EA50C7B1CD6}.Release|x86.ActiveCfg = Release|x64
		{8C3BDD69-584C-3C95-6157-1EA50C7B1CD6}.Release|x86.Build.0 = Release|x64
		{4B33902B-4B3B-C996-E3A1-70FAF9CA5511}.Debug|Any CPU.ActiveCfg = Debug|x64
		{4B33902B-4B3B-C996-E3A1-70FAF9CA5511}.Debug|Any CPU.Build.0 = Debug|x64
		{4B33902B-4B3B-C996-E3A1-70FAF9CA5511}.Debug|ARM64.ActiveCfg = Debug|ARM64
		{4B33902B-4B3B-C996-E3A1-70FAF9CA5511}.Debug|ARM64.Build.0 = Debug|ARM64
		{4B33902B-4B3B-C996-E3A1-70FAF9CA5511}.Debug|x64.ActiveCfg = Debug|x64
		{4B33902B-4B3B-C996-E3A1-70FAF9CA5511}.Debug|x64.Build.0 = Debug|x64
		{4B33902B-4B3B-C996-E3A1-70FAF9CA5511}.Debug|x86.ActiveCfg = Debug|x64
		{4B33902B-4B3B-C996-E3A1-70FAF9CA5511}.Debug|x86.Build.0 = Debug|x64
		{4B33902B-4B3B-C996-E3A1-70FAF9CA5511}.Release|Any CPU.ActiveCfg = Release|x64
		{4B33902B-4B3B-C996-E3A1-70FAF9CA5511}.Release|Any CPU.Build.0 = Release|x64
		{4B33902B-4B3B-C996-E3A1-70FAF9CA5511}.Release|ARM64.ActiveCfg = Release|ARM64
		{4B33902B-4B3B-C996-E3A1-70FAF9CA5511}.Release|ARM64.Build.0 = Release|ARM64
		{4B33902B-4B3B-C996-E3A1-70FAF9CA5511}.Release|x64.ActiveCfg = Release|x64
		{4B33902B-4B3B-C996-E3A1-70FAF9CA5511}.Release|x64.Build.0 = Release|x64
		{4B33902B-4B3B-C996-E3A1-70FAF9CA5511}.Release|x86.ActiveCfg = Release|x64
		{4B33902B-4B3B-C996-E3A1-70FAF9CA5511}.Release|x86.Build.0 = Release|x64
		{A2417BA3-DE1D-1C88-213C-6B3DA76BEC5D}.Debug|Any CPU.ActiveCfg = Debug|x64
		{A2417BA3-DE1D-1C88-213C-6B3DA76BEC5D}.Debug|Any CPU.Build.0 = Debug|x64
		{A2417BA3-DE1D-1C88-213C-6B3DA76BEC5D}.Debug|ARM64.ActiveCfg = Debug|ARM64
		{A2417BA3-DE1D-1C88-213C-6B3DA76BEC5D}.Debug|ARM64.Build.0 = Debug|ARM64
		{A2417BA3-DE1D-1C88-213C-6B3DA76BEC5D}.Debug|x64.ActiveCfg = Debug|x64
		{A2417BA3-DE1D-1C88-213C-6B3DA76BEC5D}.Debug|x64.Build.0 = Debug|x64
		{A2417BA3-DE1D-1C88-213C-6B3DA76BEC5D}.Debug|x86.ActiveCfg = Debug|x64
		{A2417BA3-DE1D-1C88-213C-6B3DA76BEC5D}.Debug|x86.Build.0 = Debug|x64
		{A2417BA3-DE1D-1C88-213C-6B3DA76BEC5D}.Release|Any CPU.ActiveCfg = Release|x64
		{A2417BA3-DE1D-1C88-213C-6B3DA76BEC5D}.Release|Any CPU.Build.0 = Release|x64
		{A2417BA3-DE1D-1C88-213C-6B3DA76BEC5D}.Release|ARM64.ActiveCfg = Release|ARM64
		{A2417BA3-DE1D-1C88-213C-6B3DA76BEC5D}.Release|ARM64.Build.0 = Release|ARM64
		{A2417BA3-DE1D-1C88-213C-6B3DA76BEC5D}.Release|x64.ActiveCfg = Release|x64
		{A2417BA3-DE1D-1C88-213C-6B3DA76BEC5D}.Release|x64.Build.0 = Release|x64
		{A2417BA3-DE1D-1C88-213C-6B3DA76BEC5D}.Release|x86.ActiveCfg = Release|x64
		{A2417BA3-DE1D-1C88-213C-6B3DA76BEC5D}.Release|x86.Build.0 = Release|x64
		{C56ADCEB-6F3D-43D2-8398-182F545B82B9}.Debug|Any CPU.ActiveCfg = Debug|x64
		{C56ADCEB-6F3D-43D2-8398-182F545B82B9}.Debug|Any CPU.Build.0 = Debug|x64
		{C56ADCEB-6F3D-43D2-8398-182F545B82B9}.Debug|ARM64.ActiveCfg = Debug|ARM64
		{C56ADCEB-6F3D-43D2-8398-182F545B82B9}.Debug|ARM64.Build.0 = Debug|ARM64
		{C56ADCEB-6F3D-43D2-8398-182F545B82B9}.Debug|x64.ActiveCfg = Debug|x64
		{C56ADCEB-6F3D-43D2-8398-182F545B82B9}.Debug|x64.Build.0 = Debug|x64
		{C56ADCEB-6F3D-43D2-8398-182F545B82B9}.Debug|x86.ActiveCfg = Debug|x64
		{C56ADCEB-6F3D-43D2-8398-182F545B82B9}.Debug|x86.Build.0 = Debug|x64
		{C56ADCEB-6F3D-43D2-8398-182F545B82B9}.Release|Any CPU.ActiveCfg = Release|x64
		{C56ADCEB-6F3D-43D2-8398-182F545B82B9}.Release|Any CPU.Build.0 = Release|x64
		{C56ADCEB-6F3D-43D2-8398-182F545B82B9}.Release|ARM64.ActiveCfg = Release|ARM64
		{C56ADCEB-6F3D-43D2-8398-182F545B82B9}.Release|ARM64.Build.0 = Release|ARM64
		{C56ADCEB-6F3D-43D2-8398-182F545B82B9}.Release|x64.ActiveCfg = Release|x64
		{C56ADCEB-6F3D-43D2-8398-182F545B82B9}.Release|x64.Build.0 = Release|x64
		{C56ADCEB-6F3D-43D2-8398-182F545B82B9}.Release|x86.ActiveCfg = Release|x64
		{C56ADCEB-6F3D-43D2-8398-182F545B82B9}.Release|x86.Build.0 = Release|x64
		{D19D50AD-3762-4AA4-8883-9660EC833B9B}.Debug|Any CPU.ActiveCfg = Debug|x64
		{D19D50AD-3762-4AA4-8883-9660EC833B9B}.Debug|Any CPU.Build.0 = Debug|x64
		{D19D50AD-3762-4AA4-8883-9660EC833B9B}.Debug|ARM64.ActiveCfg = Debug|x64
		{D19D50AD-3762-4AA4-8883-9660EC833B9B}.Debug|ARM64.Build.0 = Debug|x64
		{D19D50AD-3762-4AA4-8883-9660EC833B9B}.Debug|x64.ActiveCfg = Debug|x64
		{D19D50AD-3762-4AA4-8883-9660EC833B9B}.Debug|x64.Build.0 = Debug|x64
		{D19D50AD-3762-4AA4-8883-9660EC833B9B}.Debug|x86.ActiveCfg = Debug|Win32
		{D19D50AD-3762-4AA4-8883-9660EC833B9B}.Debug|x86.Build.0 = Debug|Win32
		{D19D50AD-3762-4AA4-8883-9660EC833B9B}.Release|Any CPU.ActiveCfg = Release|x64
		{D19D50AD-3762-4AA4-8883-9660EC833B9B}.Release|Any CPU.Build.0 = Release|x64
		{D19D50AD-3762-4AA4-8883-9660EC833B9B}.Release|ARM64.ActiveCfg = Release|x64
		{D19D50AD-3762-4AA4-8883-9660EC833B9B}.Release|ARM64.Build.0 = Release|x64
		{D19D50AD-3762-4AA4-8883-9660EC833B9B}.Release|x64.ActiveCfg = Release|x64
		{D19D50AD-3762-4AA4-8883-9660EC833B9B}.Release|x64.Build.0 = Release|x64
		{D19D50AD-3762-4AA4-8883-9660EC833B9B}.Release|x86.ActiveCfg = Release|Win32
		{D19D50AD-3762-4AA4-8883-9660EC833B9B}.Release|x86.Build.0 = Release|Win32
		{F23FB3E2-39AD-B3E8-6806-E8D511F3B1E6}.Debug|Any CPU.ActiveCfg = Debug|x64
		{F23FB3E2-39AD-B3E8-6806-E8D511F3B1E6}.Debug|Any CPU.Build.0 = Debug|x64
		{F23FB3E2-39AD-B3E8-6806-E8D511F3B1E6}.Debug|ARM64.ActiveCfg = Debug|ARM64
		{F23FB3E2-39AD-B3E8-6806-E8D511F3B1E6}.Debug|ARM64.Build.0 = Debug|ARM64
		{F23FB3E2-39AD-B3E8-6806-E8D511F3B1E6}.Debug|x64.ActiveCfg = Debug|x64
		{F23FB3E2-39AD-B3E8-6806-E8D511F3B1E6}.Debug|x64.Build.0 = Debug|x64
		{F23FB3E2-39AD-B3E8-6806-E8D511F3B1E6}.Debug|x86.ActiveCfg = Debug|x64
		{F23FB3E2-39AD-B3E8-6806-E8D511F3B1E6}.Debug|x86.Build.0 = Debug|x64
		{F23FB3E2-39AD-B3E8-6806-E8D511F3B1E6}.Release|Any CPU.ActiveCfg = Release|x64
		{F23FB3E2-39AD-B3E8-6806-E8D511F3B1E6}.Release|Any CPU.Build.0 = Release|x64
		{F23FB3E2-39AD-B3E8-6806-E8D511F3B1E6}.Release|ARM64.ActiveCfg = Release|ARM64
		{F23FB3E2-39AD-B3E8-6806-E8D511F3B1E6}.Release|ARM64.Build.0 = Release|ARM64
		{F23FB3E2-39AD-B3E8-6806-E8D511F3B1E6}.Release|x64.ActiveCfg = Release|x64
		{F23FB3E2-39AD-B3E8-6806-E8D511F3B1E6}.Release|x64.Build.0 = Release|x64
		{F23FB3E2-39AD-B3E8-6806-E8D511F3B1E6}.Release|x86.ActiveCfg = Release|x64
		{F23FB3E2-39AD-B3E8-6806-E8D511F3B1E6}.Release|x86.Build.0 = Release|x64
		{0C941AA9-8B80-B5EE-2897-2D449408BCE9}.Debug|Any CPU.ActiveCfg = Debug|x64
		{0C941AA9-8B80-B5EE-2897-2D449408BCE9}.Debug|Any CPU.Build.0 = Debug|x64
		{0C941AA9-8B80-B5EE-2897-2D449408BCE9}.Debug|ARM64.ActiveCfg = Debug|ARM64
		{0C941AA9-8B80-B5EE-2897-2D449408BCE9}.Debug|ARM64.Build.0 = Debug|ARM64
		{0C941AA9-8B80-B5EE-2897-2D449408BCE9}.Debug|x64.ActiveCfg = Debug|x64
		{0C941AA9-8B80-B5EE-2897-2D449408BCE9}.Debug|x64.Build.0 = Debug|x64
		{0C941AA9-8B80-B5EE-2897-2D449408BCE9}.Debug|x86.ActiveCfg = Debug|x64
		{0C941AA9-8B80-B5EE-2897-2D449408BCE9}.Debug|x86.Build.0 = Debug|x64
		{0C941AA9-8B80-B5EE-2897-2D449408BCE9}.Release|Any CPU.ActiveCfg = Release|x64
		{0C941AA9-8B80-B5EE-2897-2D449408BCE9}.Release|Any CPU.Build.0 = Release|x64
		{0C941AA9-8B80-B5EE-2897-2D449408BCE9}.Release|ARM64.ActiveCfg = Release|ARM64
		{0C941AA9-8B80-B5EE-2897-2D449408BCE9}.Release|ARM64.Build.0 = Release|ARM64
		{0C941AA9-8B80-B5EE-2897-2D449408BCE9}.Release|x64.ActiveCfg = Release|x64
		{0C941AA9-8B80-B5EE-2897-2D449408BCE9}.Release|x64.Build.0 = Release|x64
		{0C941AA9-8B80-B5EE-2897-2D449408BCE9}.Release|x86.ActiveCfg = Release|x64
		{0C941AA9-8B80-B5EE-2897-2D449408BCE9}.Release|x86.Build.0 = Release|x64
		{5381408C-6521-4A92-9A4F-2C44E7F216FD}.Debug|Any CPU.ActiveCfg = Debug|x64
		{5381408C-6521-4A92-9A4F-2C44E7F216FD}.Debug|Any CPU.Build.0 = Debug|x64
		{5381408C-6521-4A92-9A4F-2C44E7F216FD}.Debug|ARM64.ActiveCfg = Debug|ARM64
		{5381408C-6521-4A92-9A4F-2C44E7F216FD}.Debug|ARM64.Build.0 = Debug|ARM64
		{5381408C-6521-4A92-9A4F-2C44E7F216FD}.Debug|x64.ActiveCfg = Debug|x64
		{5381408C-6521-4A92-9A4F-2C44E7F216FD}.Debug|x64.Build.0 = Debug|x64
		{5381408C-6521-4A92-9A4F-2C44E7F216FD}.Debug|x86.ActiveCfg = Debug|x64
		{5381408C-6521-4A92-9A4F-2C44E7F216FD}.Debug|x86.Build.0 = Debug|x64
		{5381408C-6521-4A92-9A4F-2C44E7F216FD}.Release|Any CPU.ActiveCfg = Release|x64
		{5381408C-6521-4A92-9A4F-2C44E7F216FD}.Release|Any CPU.Build.0 = Release|x64
		{5381408C-6521-4A92-9A4F-2C44E7F216FD}.Release|ARM64.ActiveCfg = Release|ARM64
		{5381408C-6521-4A92-9A4F-2C44E7F216FD}.Release|ARM64.Build.0 = Release|ARM64
		{5381408C-6521-4A92-9A4F-2C44E7F216FD}.Release|x64.ActiveCfg = Release|x64
		{5381408C-6521-4A92-9A4F-2C44E7F216FD}.Release|x64.Build.0 = Release|x64
		{5381408C-6521-4A92-9A4F-2C44E7F216FD}.Release|x86.ActiveCfg = Release|x64
		{5381408C-6521-4A92-9A4F-2C44E7F216FD}.Release|x86.Build.0 = Release|x64
		{F787DE0A-C5D6-A6F8-26E8-B6621ED10AD0}.Debug|Any CPU.ActiveCfg = Debug|x64
		{F787DE0A-C5D6-A6F8-26E8-B6621ED10AD0}.Debug|Any CPU.Build.0 = Debug|x64
		{F787DE0A-C5D6-A6F8-26E8-B6621ED10AD0}.Debug|ARM64.ActiveCfg = Debug|ARM64
		{F787DE0A-C5D6-A6F8-26E8-B6621ED10AD0}.Debug|ARM64.Build.0 = Debug|ARM64
		{F787DE0A-C5D6-A6F8-26E8-B6621ED10AD0}.Debug|x64.ActiveCfg = Debug|x64
		{F787DE0A-C5D6-A6F8-26E8-B6621ED10AD0}.Debug|x64.Build.0 = Debug|x64
		{F787DE0A-C5D6-A6F8-26E8-B6621ED10AD0}.Debug|x86.ActiveCfg = Debug|x64
		{F787DE0A-C5D6-A6F8-26E8-B6621ED10AD0}.Debug|x86.Build.0 = Debug|x64
		{F787DE0A-C5D6-A6F8-26E8-B6621ED10AD0}.Release|Any CPU.ActiveCfg = Release|x64
		{F787DE0A-C5D6-A6F8-26E8-B6621ED10AD0}.Release|Any CPU.Build.0 = Release|x64
		{F787DE0A-C5D6-A6F8-26E8-B6621ED10AD0}.Release|ARM64.ActiveCfg = Release|ARM64
		{F787DE0A-C5D6-A6F8-26E8-B6621ED10AD0}.Release|ARM64.Build.0 = Release|ARM64
		{F787DE0A-C5D6-A6F8-26E8-B6621ED10AD0}.Release|x64.ActiveCfg = Release|x64
		{F787DE0A-C5D6-A6F8-26E8-B6621ED10AD0}.Release|x64.Build.0 = Release|x64
		{F787DE0A-C5D6-A6F8-26E8-B6621ED10AD0}.Release|x86.ActiveCfg = Release|x64
		{F787DE0A-C5D6-A6F8-26E8-B6621ED10AD0}.Release|x86.Build.0 = Release|x64
		{EA95FD10-8912-6901-9D0C-AE600CAD4173}.Debug|Any CPU.ActiveCfg = Debug|x64
		{EA95FD10-8912-6901-9D0C-AE600CAD4173}.Debug|Any CPU.Build.0 = Debug|x64
		{EA95FD10-8912-6901-9D0C-AE600CAD4173}.Debug|ARM64.ActiveCfg = Debug|ARM64
		{EA95FD10-8912-6901-9D0C-AE600CAD4173}.Debug|ARM64.Build.0 = Debug|ARM64
		{EA95FD10-8912-6901-9D0C-AE600CAD4173}.Debug|x64.ActiveCfg = Debug|x64
		{EA95FD10-8912-6901-9D0C-AE600CAD4173}.Debug|x64.Build.0 = Debug|x64
		{EA95FD10-8912-6901-9D0C-AE600CAD4173}.Debug|x86.ActiveCfg = Debug|x64
		{EA95FD10-8912-6901-9D0C-AE600CAD4173}.Debug|x86.Build.0 = Debug|x64
		{EA95FD10-8912-6901-9D0C-AE600CAD4173}.Release|Any CPU.ActiveCfg = Release|x64
		{EA95FD10-8912-6901-9D0C-AE600CAD4173}.Release|Any CPU.Build.0 = Release|x64
		{EA95FD10-8912-6901-9D0C-AE600CAD4173}.Release|ARM64.ActiveCfg = Release|ARM64
		{EA95FD10-8912-6901-9D0C-AE600CAD4173}.Release|ARM64.Build.0 = Release|ARM64
		{EA95FD10-8912-6901-9D0C-AE600CAD4173}.Release|x64.ActiveCfg = Release|x64
		{EA95FD10-8912-6901-9D0C-AE600CAD4173}.Release|x64.Build.0 = Release|x64
		{EA95FD10-8912-6901-9D0C-AE600CAD4173}.Release|x86.ActiveCfg = Release|x64
		{EA95FD10-8912-6901-9D0C-AE600CAD4173}.Release|x86.Build.0 = Release|x64
		{C023A339-2EE6-EB7E-F90E-30DA22099598}.Debug|Any CPU.ActiveCfg = Debug|x64
		{C023A339-2EE6-EB7E-F90E-30DA22099598}.Debug|Any CPU.Build.0 = Debug|x64
		{C023A339-2EE6-EB7E-F90E-30DA22099598}.Debug|ARM64.ActiveCfg = Debug|ARM64
		{C023A339-2EE6-EB7E-F90E-30DA22099598}.Debug|ARM64.Build.0 = Debug|ARM64
		{C023A339-2EE6-EB7E-F90E-30DA22099598}.Debug|x64.ActiveCfg = Debug|x64
		{C023A339-2EE6-EB7E-F90E-30DA22099598}.Debug|x64.Build.0 = Debug|x64
		{C023A339-2EE6-EB7E-F90E-30DA22099598}.Debug|x86.ActiveCfg = Debug|x64
		{C023A339-2EE6-EB7E-F90E-30DA22099598}.Debug|x86.Build.0 = Debug|x64
		{C023A339-2EE6-EB7E-F90E-30DA22099598}.Release|Any CPU.ActiveCfg = Release|x64
		{C023A339-2EE6-EB7E-F90E-30DA22099598}.Release|Any CPU.Build.0 = Release|x64
		{C023A339-2EE6-EB7E-F90E-30DA22099598}.Release|ARM64.ActiveCfg = Release|ARM64
		{C023A339-2EE6-EB7E-F90E-30DA22099598}.Release|ARM64.Build.0 = Release|ARM64
		{C023A339-2EE6-EB7E-F90E-30DA22099598}.Release|x64.ActiveCfg = Release|x64
		{C023A339-2EE6-EB7E-F90E-30DA22099598}.Release|x64.Build.0 = Release|x64
		{C023A339-2EE6-EB7E-F90E-30DA22099598}.Release|x86.ActiveCfg = Release|x64
		{C023A339-2EE6-EB7E-F90E-30DA22099598}.Release|x86.Build.0 = Release|x64
		{9153E004-BB78-FFD3-C10A-317659FA5F93}.Debug|Any CPU.ActiveCfg = Debug|x64
		{9153E004-BB78-FFD3-C10A-317659FA5F93}.Debug|Any CPU.Build.0 = Debug|x64
		{9153E004-BB78-FFD3-C10A-317659FA5F93}.Debug|ARM64.ActiveCfg = Debug|ARM64
		{9153E004-BB78-FFD3-C10A-317659FA5F93}.Debug|ARM64.Build.0 = Debug|ARM64
		{9153E004-BB78-FFD3-C10A-317659FA5F93}.Debug|x64.ActiveCfg = Debug|x64
		{9153E004-BB78-FFD3-C10A-317659FA5F93}.Debug|x64.Build.0 = Debug|x64
		{9153E004-BB78-FFD3-C10A-317659FA5F93}.Debug|x86.ActiveCfg = Debug|x64
		{9153E004-BB78-FFD3-C10A-317659FA5F93}.Debug|x86.Build.0 = Debug|x64
		{9153E004-BB78-FFD3-C10A-317659FA5F93}.Release|Any CPU.ActiveCfg = Release|x64
		{9153E004-BB78-FFD3-C10A-317659FA5F93}.Release|Any CPU.Build.0 = Release|x64
		{9153E004-BB78-FFD3-C10A-317659FA5F93}.Release|ARM64.ActiveCfg = Release|ARM64
		{9153E004-BB78-FFD3-C10A-317659FA5F93}.Release|ARM64.Build.0 = Release|ARM64
		{9153E004-BB78-FFD3-C10A-317659FA5F93}.Release|x64.ActiveCfg = Release|x64
		{9153E004-BB78-FFD3-C10A-317659FA5F93}.Release|x64.Build.0 = Release|x64
		{9153E004-BB78-FFD3-C10A-317659FA5F93}.Release|x86.ActiveCfg = Release|x64
		{9153E004-BB78-FFD3-C10A-317659FA5F93}.Release|x86.Build.0 = Release|x64
	EndGlobalSection
	GlobalSection(SolutionProperties) = preSolution
		HideSolutionNode = FALSE
	EndGlobalSection
	GlobalSection(NestedProjects) = preSolution
		{C8071225-73B5-4559-A22E-CD057B424A3C} = {E24919A5-7981-44FF-82A9-E7259C5492CE}
		{04BB9722-017A-466F-B4ED-80165C654618} = {E24919A5-7981-44FF-82A9-E7259C5492CE}
		{BE96962C-AB64-4FCB-9A2B-41FAD26BCF61} = {3978403E-55E4-4AAC-8978-1D39651BEA7C}
		{C17AAAC2-DE62-41AA-8D9F-DB6345C8C22C} = {E24919A5-7981-44FF-82A9-E7259C5492CE}
		{3593FFAA-9AB9-47DC-8D13-A943A469384A} = {E24919A5-7981-44FF-82A9-E7259C5492CE}
		{7736CE9C-0059-420C-A841-5B71293C1A88} = {E24919A5-7981-44FF-82A9-E7259C5492CE}
		{EAA08DC1-0C5A-45E0-BE00-639BE32B8F0A} = {3978403E-55E4-4AAC-8978-1D39651BEA7C}
		{8B8E05E3-F002-4A01-852C-B537041BFF8C} = {E24919A5-7981-44FF-82A9-E7259C5492CE}
		{6446CF2C-3AA1-4294-AD99-49FDB05F0365} = {E24919A5-7981-44FF-82A9-E7259C5492CE}
		{CB709B84-F614-491B-AF69-D69ACADB303A} = {BF3D024B-583C-403A-A213-BFC0D1BED4F0}
		{1BEA1A24-9C84-4882-B079-25E59C98B87C} = {BF3D024B-583C-403A-A213-BFC0D1BED4F0}
		{6D8B92D2-0992-4DCC-B683-F4A5B254526F} = {7D74447C-5191-4C1D-BEB2-B537366B980D}
		{5B6F1F8E-623D-4005-AED5-2BCCA458E2C3} = {7D74447C-5191-4C1D-BEB2-B537366B980D}
		{51E0F7EE-4ABB-4595-95C5-48D9B9D2EAA9} = {7D74447C-5191-4C1D-BEB2-B537366B980D}
		{D45AF1EE-BBBA-4F98-9A06-08E408F78681} = {3978403E-55E4-4AAC-8978-1D39651BEA7C}
		{FC5502D5-7F00-4020-BE48-4CB9691CEA34} = {7D74447C-5191-4C1D-BEB2-B537366B980D}
		{C9161601-FF81-23AB-59D7-A7B53E00C200} = {7D74447C-5191-4C1D-BEB2-B537366B980D}
		{87FFB8BB-20C4-4D0D-8EF6-A39B0C14FF3A} = {55F5939D-C4F5-498D-97B0-8117E84F0FB1}
		{7568CD41-78C1-415F-9F3B-73283392B60D} = {55F5939D-C4F5-498D-97B0-8117E84F0FB1}
		{AA343239-476E-43E3-BEE3-D3313C883341} = {55F5939D-C4F5-498D-97B0-8117E84F0FB1}
		{70F1E145-B0F9-4D7D-8557-D9996B45EC2A} = {E24919A5-7981-44FF-82A9-E7259C5492CE}
		{8716CF0F-7104-1CCD-8D2A-EA9963ABC719} = {BF3D024B-583C-403A-A213-BFC0D1BED4F0}
		{0BB55149-1CD3-25FF-B6BD-D7F715DE3280} = {7D74447C-5191-4C1D-BEB2-B537366B980D}
		{187E3B72-74F4-4A97-9D35-B4448D4B54FE} = {E24919A5-7981-44FF-82A9-E7259C5492CE}
		{8C3BDD69-584C-3C95-6157-1EA50C7B1CD6} = {BF3D024B-583C-403A-A213-BFC0D1BED4F0}
		{4B33902B-4B3B-C996-E3A1-70FAF9CA5511} = {BF3D024B-583C-403A-A213-BFC0D1BED4F0}
		{A2417BA3-DE1D-1C88-213C-6B3DA76BEC5D} = {7D74447C-5191-4C1D-BEB2-B537366B980D}
		{C56ADCEB-6F3D-43D2-8398-182F545B82B9} = {3978403E-55E4-4AAC-8978-1D39651BEA7C}
		{D19D50AD-3762-4AA4-8883-9660EC833B9B} = {17024679-C50D-4948-A0F7-4A67B6EFBEA8}
		{F23FB3E2-39AD-B3E8-6806-E8D511F3B1E6} = {7D74447C-5191-4C1D-BEB2-B537366B980D}
		{0C941AA9-8B80-B5EE-2897-2D449408BCE9} = {3978403E-55E4-4AAC-8978-1D39651BEA7C}
		{5381408C-6521-4A92-9A4F-2C44E7F216FD} = {07C2787E-EAC7-C090-1BA3-A61EC2A24D84}
		{F787DE0A-C5D6-A6F8-26E8-B6621ED10AD0} = {17024679-C50D-4948-A0F7-4A67B6EFBEA8}
		{EA95FD10-8912-6901-9D0C-AE600CAD4173} = {7D74447C-5191-4C1D-BEB2-B537366B980D}
		{C023A339-2EE6-EB7E-F90E-30DA22099598} = {3978403E-55E4-4AAC-8978-1D39651BEA7C}
		{9153E004-BB78-FFD3-C10A-317659FA5F93} = {3978403E-55E4-4AAC-8978-1D39651BEA7C}
	EndGlobalSection
	GlobalSection(ExtensibilityGlobals) = postSolution
		SolutionGuid = {F7CE53D3-9E91-421C-A7C6-75215998C26C}
	EndGlobalSection
EndGlobal
