
Microsoft Visual Studio Solution File, Format Version 12.00
# Visual Studio Version 17
VisualStudioVersion = 17.14.35906.104
MinimumVisualStudioVersion = 10.0.40219.1
Project("{FAE04EC0-301F-11D3-BF4B-00C04F79EFBC}") = "FlowEngineLib", "Engine\FlowEngineLib\FlowEngineLib.csproj", "{8C3BDD69-584C-3C95-6157-1EA50C7B1CD6}"
EndProject
Project("{FAE04EC0-301F-11D3-BF4B-00C04F79EFBC}") = "ST.Library.UI", "Engine\ST.Library.UI\ST.Library.UI.csproj", "{4B33902B-4B3B-C996-E3A1-70FAF9CA5511}"
EndProject
Global
	GlobalSection(SolutionConfigurationPlatforms) = preSolution
		Debug|ARM64 = Debug|ARM64
		Debug|x64 = Debug|x64
		Release|ARM64 = Release|ARM64
		Release|x64 = Release|x64
	EndGlobalSection
	GlobalSection(ProjectConfigurationPlatforms) = postSolution
		{8C3BDD69-584C-3C95-6157-1EA50C7B1CD6}.Debug|ARM64.ActiveCfg = Debug|ARM64
		{8C3BDD69-584C-3C95-6157-1EA50C7B1CD6}.Debug|ARM64.Build.0 = Debug|ARM64
		{8C3BDD69-584C-3C95-6157-1EA50C7B1CD6}.Debug|x64.ActiveCfg = Debug|x64
		{8C3BDD69-584C-3C95-6157-1EA50C7B1CD6}.Debug|x64.Build.0 = Debug|x64
		{8C3BDD69-584C-3C95-6157-1EA50C7B1CD6}.Release|ARM64.ActiveCfg = Release|ARM64
		{8C3BDD69-584C-3C95-6157-1EA50C7B1CD6}.Release|ARM64.Build.0 = Release|ARM64
		{8C3BDD69-584C-3C95-6157-1EA50C7B1CD6}.Release|x64.ActiveCfg = Release|x64
		{8C3BDD69-584C-3C95-6157-1EA50C7B1CD6}.Release|x64.Build.0 = Release|x64
		{4B33902B-4B3B-C996-E3A1-70FAF9CA5511}.Debug|ARM64.ActiveCfg = Debug|ARM64
		{4B33902B-4B3B-C996-E3A1-70FAF9CA5511}.Debug|ARM64.Build.0 = Debug|ARM64
		{4B33902B-4B3B-C996-E3A1-70FAF9CA5511}.Debug|x64.ActiveCfg = Debug|x64
		{4B33902B-4B3B-C996-E3A1-70FAF9CA5511}.Debug|x64.Build.0 = Debug|x64
		{4B33902B-4B3B-C996-E3A1-70FAF9CA5511}.Release|ARM64.ActiveCfg = Release|ARM64
		{4B33902B-4B3B-C996-E3A1-70FAF9CA5511}.Release|ARM64.Build.0 = Release|ARM64
		{4B33902B-4B3B-C996-E3A1-70FAF9CA5511}.Release|x64.ActiveCfg = Release|x64
		{4B33902B-4B3B-C996-E3A1-70FAF9CA5511}.Release|x64.Build.0 = Release|x64
	EndGlobalSection
	GlobalSection(SolutionProperties) = preSolution
		HideSolutionNode = FALSE
	EndGlobalSection
	GlobalSection(ExtensibilityGlobals) = postSolution
		SolutionGuid = {5A58D94C-9116-4FE4-ACCE-19B48312BA6C}
	EndGlobalSection
EndGlobal
