
Microsoft Visual Studio Solution File, Format Version 12.00
# Visual Studio Version 18
VisualStudioVersion = 18.3.11218.70 d18.3
MinimumVisualStudioVersion = 10.0.40219.1
Project("{2150E333-8FDC-42A3-9474-1A3956D46DE8}") = "解决方案项", "解决方案项", "{61C6DABF-289A-41CD-B85D-F0AA9D8C6947}"
	ProjectSection(SolutionItems) = preProject
		.editorconfig = .editorconfig
		CHANGELOG.md = CHANGELOG.md
		ColorVision.snk = ColorVision.snk
		Directory.Build.props = Directory.Build.props
		README.md = README.md
	EndProjectSection
EndProject
Project("{2150E333-8FDC-42A3-9474-1A3956D46DE8}") = "UI", "UI", "{CC28D563-3E82-4852-82C0-A06609BB416C}"
EndProject
Project("{9A19103F-16F7-4668-BE54-9A1E7A4F7556}") = "ColorVision.Common", "ColorVision.Common\ColorVision.Common.csproj", "{C8071225-73B5-4559-A22E-CD057B424A3C}"
EndProject
Project("{9A19103F-16F7-4668-BE54-9A1E7A4F7556}") = "ColorVision.Core", "ColorVision.Core\ColorVision.Core.csproj", "{F5A74929-90C7-407C-87F4-D2176ACC2ACC}"
EndProject
Project("{9A19103F-16F7-4668-BE54-9A1E7A4F7556}") = "ColorVision.Themes", "ColorVision.Themes\ColorVision.Themes.csproj", "{64AAF73B-1782-4D82-AEB5-868E21516768}"
EndProject
Project("{9A19103F-16F7-4668-BE54-9A1E7A4F7556}") = "ColorVision.UI", "ColorVision.UI\ColorVision.UI.csproj", "{FF7ACD54-F730-4F7E-9F58-8B290883ACB7}"
EndProject
Project("{9A19103F-16F7-4668-BE54-9A1E7A4F7556}") = "ColorVision.ImageEditor", "ColorVision.ImageEditor\ColorVision.ImageEditor.csproj", "{B5D3A18A-0E0E-4818-A3B5-5AA7AA9B3D25}"
EndProject
Project("{9A19103F-16F7-4668-BE54-9A1E7A4F7556}") = "ColorVision.Scheduler", "ColorVision.Scheduler\ColorVision.Scheduler.csproj", "{8E0942C0-BE69-4092-BA4C-D84D6EC37576}"
EndProject
Project("{9A19103F-16F7-4668-BE54-9A1E7A4F7556}") = "ColorVision.Solution", "ColorVision.Solution\ColorVision.Solution.csproj", "{01B0715F-F5DE-4B00-9E0E-7E257782CD85}"
EndProject
Project("{FAE04EC0-301F-11D3-BF4B-00C04F79EFBC}") = "ColorVision.SocketProtocol", "ColorVision.SocketProtocol\ColorVision.SocketProtocol.csproj", "{301C9DC7-916C-BCE1-DC85-6800F2C5BB30}"
EndProject
Project("{FAE04EC0-301F-11D3-BF4B-00C04F79EFBC}") = "ColorVision.Database", "ColorVision.Database\ColorVision.Database.csproj", "{44CA6B5C-6BB5-0003-6D7B-3A021B63494A}"
EndProject
Global
	GlobalSection(SolutionConfigurationPlatforms) = preSolution
		Debug|Any CPU = Debug|Any CPU
		Debug|ARM64 = Debug|ARM64
		Debug|x64 = Debug|x64
		Debug|x86 = Debug|x86
		Release|Any CPU = Release|Any CPU
		Release|ARM64 = Release|ARM64
		Release|x64 = Release|x64
		Release|x86 = Release|x86
	EndGlobalSection
	GlobalSection(ProjectConfigurationPlatforms) = postSolution
		{C8071225-73B5-4559-A22E-CD057B424A3C}.Debug|Any CPU.ActiveCfg = Debug|x64
		{C8071225-73B5-4559-A22E-CD057B424A3C}.Debug|Any CPU.Build.0 = Debug|x64
		{C8071225-73B5-4559-A22E-CD057B424A3C}.Debug|ARM64.ActiveCfg = Debug|ARM64
		{C8071225-73B5-4559-A22E-CD057B424A3C}.Debug|ARM64.Build.0 = Debug|ARM64
		{C8071225-73B5-4559-A22E-CD057B424A3C}.Debug|x64.ActiveCfg = Debug|x64
		{C8071225-73B5-4559-A22E-CD057B424A3C}.Debug|x64.Build.0 = Debug|x64
		{C8071225-73B5-4559-A22E-CD057B424A3C}.Debug|x86.ActiveCfg = Debug|x64
		{C8071225-73B5-4559-A22E-CD057B424A3C}.Debug|x86.Build.0 = Debug|x64
		{C8071225-73B5-4559-A22E-CD057B424A3C}.Release|Any CPU.ActiveCfg = Release|x64
		{C8071225-73B5-4559-A22E-CD057B424A3C}.Release|Any CPU.Build.0 = Release|x64
		{C8071225-73B5-4559-A22E-CD057B424A3C}.Release|ARM64.ActiveCfg = Release|ARM64
		{C8071225-73B5-4559-A22E-CD057B424A3C}.Release|ARM64.Build.0 = Release|ARM64
		{C8071225-73B5-4559-A22E-CD057B424A3C}.Release|x64.ActiveCfg = Release|x64
		{C8071225-73B5-4559-A22E-CD057B424A3C}.Release|x64.Build.0 = Release|x64
		{C8071225-73B5-4559-A22E-CD057B424A3C}.Release|x86.ActiveCfg = Release|x64
		{C8071225-73B5-4559-A22E-CD057B424A3C}.Release|x86.Build.0 = Release|x64
		{F5A74929-90C7-407C-87F4-D2176ACC2ACC}.Debug|Any CPU.ActiveCfg = Debug|x64
		{F5A74929-90C7-407C-87F4-D2176ACC2ACC}.Debug|Any CPU.Build.0 = Debug|x64
		{F5A74929-90C7-407C-87F4-D2176ACC2ACC}.Debug|ARM64.ActiveCfg = Debug|ARM64
		{F5A74929-90C7-407C-87F4-D2176ACC2ACC}.Debug|ARM64.Build.0 = Debug|ARM64
		{F5A74929-90C7-407C-87F4-D2176ACC2ACC}.Debug|x64.ActiveCfg = Debug|x64
		{F5A74929-90C7-407C-87F4-D2176ACC2ACC}.Debug|x64.Build.0 = Debug|x64
		{F5A74929-90C7-407C-87F4-D2176ACC2ACC}.Debug|x86.ActiveCfg = Debug|x64
		{F5A74929-90C7-407C-87F4-D2176ACC2ACC}.Debug|x86.Build.0 = Debug|x64
		{F5A74929-90C7-407C-87F4-D2176ACC2ACC}.Release|Any CPU.ActiveCfg = Release|x64
		{F5A74929-90C7-407C-87F4-D2176ACC2ACC}.Release|Any CPU.Build.0 = Release|x64
		{F5A74929-90C7-407C-87F4-D2176ACC2ACC}.Release|ARM64.ActiveCfg = Release|ARM64
		{F5A74929-90C7-407C-87F4-D2176ACC2ACC}.Release|ARM64.Build.0 = Release|ARM64
		{F5A74929-90C7-407C-87F4-D2176ACC2ACC}.Release|x64.ActiveCfg = Release|x64
		{F5A74929-90C7-407C-87F4-D2176ACC2ACC}.Release|x64.Build.0 = Release|x64
		{F5A74929-90C7-407C-87F4-D2176ACC2ACC}.Release|x86.ActiveCfg = Release|x64
		{F5A74929-90C7-407C-87F4-D2176ACC2ACC}.Release|x86.Build.0 = Release|x64
		{64AAF73B-1782-4D82-AEB5-868E21516768}.Debug|Any CPU.ActiveCfg = Debug|x64
		{64AAF73B-1782-4D82-AEB5-868E21516768}.Debug|Any CPU.Build.0 = Debug|x64
		{64AAF73B-1782-4D82-AEB5-868E21516768}.Debug|ARM64.ActiveCfg = Debug|ARM64
		{64AAF73B-1782-4D82-AEB5-868E21516768}.Debug|ARM64.Build.0 = Debug|ARM64
		{64AAF73B-1782-4D82-AEB5-868E21516768}.Debug|x64.ActiveCfg = Debug|x64
		{64AAF73B-1782-4D82-AEB5-868E21516768}.Debug|x64.Build.0 = Debug|x64
		{64AAF73B-1782-4D82-AEB5-868E21516768}.Debug|x86.ActiveCfg = Debug|x64
		{64AAF73B-1782-4D82-AEB5-868E21516768}.Debug|x86.Build.0 = Debug|x64
		{64AAF73B-1782-4D82-AEB5-868E21516768}.Release|Any CPU.ActiveCfg = Release|x64
		{64AAF73B-1782-4D82-AEB5-868E21516768}.Release|Any CPU.Build.0 = Release|x64
		{64AAF73B-1782-4D82-AEB5-868E21516768}.Release|ARM64.ActiveCfg = Release|ARM64
		{64AAF73B-1782-4D82-AEB5-868E21516768}.Release|ARM64.Build.0 = Release|ARM64
		{64AAF73B-1782-4D82-AEB5-868E21516768}.Release|x64.ActiveCfg = Release|x64
		{64AAF73B-1782-4D82-AEB5-868E21516768}.Release|x64.Build.0 = Release|x64
		{64AAF73B-1782-4D82-AEB5-868E21516768}.Release|x86.ActiveCfg = Release|x64
		{64AAF73B-1782-4D82-AEB5-868E21516768}.Release|x86.Build.0 = Release|x64
		{FF7ACD54-F730-4F7E-9F58-8B290883ACB7}.Debug|Any CPU.ActiveCfg = Debug|x64
		{FF7ACD54-F730-4F7E-9F58-8B290883ACB7}.Debug|Any CPU.Build.0 = Debug|x64
		{FF7ACD54-F730-4F7E-9F58-8B290883ACB7}.Debug|ARM64.ActiveCfg = Debug|ARM64
		{FF7ACD54-F730-4F7E-9F58-8B290883ACB7}.Debug|ARM64.Build.0 = Debug|ARM64
		{FF7ACD54-F730-4F7E-9F58-8B290883ACB7}.Debug|x64.ActiveCfg = Debug|x64
		{FF7ACD54-F730-4F7E-9F58-8B290883ACB7}.Debug|x64.Build.0 = Debug|x64
		{FF7ACD54-F730-4F7E-9F58-8B290883ACB7}.Debug|x86.ActiveCfg = Debug|x64
		{FF7ACD54-F730-4F7E-9F58-8B290883ACB7}.Debug|x86.Build.0 = Debug|x64
		{FF7ACD54-F730-4F7E-9F58-8B290883ACB7}.Release|Any CPU.ActiveCfg = Release|x64
		{FF7ACD54-F730-4F7E-9F58-8B290883ACB7}.Release|Any CPU.Build.0 = Release|x64
		{FF7ACD54-F730-4F7E-9F58-8B290883ACB7}.Release|ARM64.ActiveCfg = Release|ARM64
		{FF7ACD54-F730-4F7E-9F58-8B290883ACB7}.Release|ARM64.Build.0 = Release|ARM64
		{FF7ACD54-F730-4F7E-9F58-8B290883ACB7}.Release|x64.ActiveCfg = Release|x64
		{FF7ACD54-F730-4F7E-9F58-8B290883ACB7}.Release|x64.Build.0 = Release|x64
		{FF7ACD54-F730-4F7E-9F58-8B290883ACB7}.Release|x86.ActiveCfg = Release|x64
		{FF7ACD54-F730-4F7E-9F58-8B290883ACB7}.Release|x86.Build.0 = Release|x64
		{B5D3A18A-0E0E-4818-A3B5-5AA7AA9B3D25}.Debug|Any CPU.ActiveCfg = Debug|x64
		{B5D3A18A-0E0E-4818-A3B5-5AA7AA9B3D25}.Debug|Any CPU.Build.0 = Debug|x64
		{B5D3A18A-0E0E-4818-A3B5-5AA7AA9B3D25}.Debug|ARM64.ActiveCfg = Debug|ARM64
		{B5D3A18A-0E0E-4818-A3B5-5AA7AA9B3D25}.Debug|ARM64.Build.0 = Debug|ARM64
		{B5D3A18A-0E0E-4818-A3B5-5AA7AA9B3D25}.Debug|x64.ActiveCfg = Debug|x64
		{B5D3A18A-0E0E-4818-A3B5-5AA7AA9B3D25}.Debug|x64.Build.0 = Debug|x64
		{B5D3A18A-0E0E-4818-A3B5-5AA7AA9B3D25}.Debug|x86.ActiveCfg = Debug|x64
		{B5D3A18A-0E0E-4818-A3B5-5AA7AA9B3D25}.Debug|x86.Build.0 = Debug|x64
		{B5D3A18A-0E0E-4818-A3B5-5AA7AA9B3D25}.Release|Any CPU.ActiveCfg = Release|x64
		{B5D3A18A-0E0E-4818-A3B5-5AA7AA9B3D25}.Release|Any CPU.Build.0 = Release|x64
		{B5D3A18A-0E0E-4818-A3B5-5AA7AA9B3D25}.Release|ARM64.ActiveCfg = Release|ARM64
		{B5D3A18A-0E0E-4818-A3B5-5AA7AA9B3D25}.Release|ARM64.Build.0 = Release|ARM64
		{B5D3A18A-0E0E-4818-A3B5-5AA7AA9B3D25}.Release|x64.ActiveCfg = Release|x64
		{B5D3A18A-0E0E-4818-A3B5-5AA7AA9B3D25}.Release|x64.Build.0 = Release|x64
		{B5D3A18A-0E0E-4818-A3B5-5AA7AA9B3D25}.Release|x86.ActiveCfg = Release|x64
		{B5D3A18A-0E0E-4818-A3B5-5AA7AA9B3D25}.Release|x86.Build.0 = Release|x64
		{8E0942C0-BE69-4092-BA4C-D84D6EC37576}.Debug|Any CPU.ActiveCfg = Debug|x64
		{8E0942C0-BE69-4092-BA4C-D84D6EC37576}.Debug|Any CPU.Build.0 = Debug|x64
		{8E0942C0-BE69-4092-BA4C-D84D6EC37576}.Debug|ARM64.ActiveCfg = Debug|ARM64
		{8E0942C0-BE69-4092-BA4C-D84D6EC37576}.Debug|ARM64.Build.0 = Debug|ARM64
		{8E0942C0-BE69-4092-BA4C-D84D6EC37576}.Debug|x64.ActiveCfg = Debug|x64
		{8E0942C0-BE69-4092-BA4C-D84D6EC37576}.Debug|x64.Build.0 = Debug|x64
		{8E0942C0-BE69-4092-BA4C-D84D6EC37576}.Debug|x86.ActiveCfg = Debug|x64
		{8E0942C0-BE69-4092-BA4C-D84D6EC37576}.Debug|x86.Build.0 = Debug|x64
		{8E0942C0-BE69-4092-BA4C-D84D6EC37576}.Release|Any CPU.ActiveCfg = Release|x64
		{8E0942C0-BE69-4092-BA4C-D84D6EC37576}.Release|Any CPU.Build.0 = Release|x64
		{8E0942C0-BE69-4092-BA4C-D84D6EC37576}.Release|ARM64.ActiveCfg = Release|ARM64
		{8E0942C0-BE69-4092-BA4C-D84D6EC37576}.Release|ARM64.Build.0 = Release|ARM64
		{8E0942C0-BE69-4092-BA4C-D84D6EC37576}.Release|x64.ActiveCfg = Release|x64
		{8E0942C0-BE69-4092-BA4C-D84D6EC37576}.Release|x64.Build.0 = Release|x64
		{8E0942C0-BE69-4092-BA4C-D84D6EC37576}.Release|x86.ActiveCfg = Release|x64
		{8E0942C0-BE69-4092-BA4C-D84D6EC37576}.Release|x86.Build.0 = Release|x64
		{01B0715F-F5DE-4B00-9E0E-7E257782CD85}.Debug|Any CPU.ActiveCfg = Debug|x64
		{01B0715F-F5DE-4B00-9E0E-7E257782CD85}.Debug|Any CPU.Build.0 = Debug|x64
		{01B0715F-F5DE-4B00-9E0E-7E257782CD85}.Debug|ARM64.ActiveCfg = Debug|ARM64
		{01B0715F-F5DE-4B00-9E0E-7E257782CD85}.Debug|ARM64.Build.0 = Debug|ARM64
		{01B0715F-F5DE-4B00-9E0E-7E257782CD85}.Debug|x64.ActiveCfg = Debug|x64
		{01B0715F-F5DE-4B00-9E0E-7E257782CD85}.Debug|x64.Build.0 = Debug|x64
		{01B0715F-F5DE-4B00-9E0E-7E257782CD85}.Debug|x86.ActiveCfg = Debug|x64
		{01B0715F-F5DE-4B00-9E0E-7E257782CD85}.Debug|x86.Build.0 = Debug|x64
		{01B0715F-F5DE-4B00-9E0E-7E257782CD85}.Release|Any CPU.ActiveCfg = Release|x64
		{01B0715F-F5DE-4B00-9E0E-7E257782CD85}.Release|Any CPU.Build.0 = Release|x64
		{01B0715F-F5DE-4B00-9E0E-7E257782CD85}.Release|ARM64.ActiveCfg = Release|ARM64
		{01B0715F-F5DE-4B00-9E0E-7E257782CD85}.Release|ARM64.Build.0 = Release|ARM64
		{01B0715F-F5DE-4B00-9E0E-7E257782CD85}.Release|x64.ActiveCfg = Release|x64
		{01B0715F-F5DE-4B00-9E0E-7E257782CD85}.Release|x64.Build.0 = Release|x64
		{01B0715F-F5DE-4B00-9E0E-7E257782CD85}.Release|x86.ActiveCfg = Release|x64
		{01B0715F-F5DE-4B00-9E0E-7E257782CD85}.Release|x86.Build.0 = Release|x64
		{301C9DC7-916C-BCE1-DC85-6800F2C5BB30}.Debug|Any CPU.ActiveCfg = Debug|x64
		{301C9DC7-916C-BCE1-DC85-6800F2C5BB30}.Debug|Any CPU.Build.0 = Debug|x64
		{301C9DC7-916C-BCE1-DC85-6800F2C5BB30}.Debug|ARM64.ActiveCfg = Debug|ARM64
		{301C9DC7-916C-BCE1-DC85-6800F2C5BB30}.Debug|ARM64.Build.0 = Debug|ARM64
		{301C9DC7-916C-BCE1-DC85-6800F2C5BB30}.Debug|x64.ActiveCfg = Debug|x64
		{301C9DC7-916C-BCE1-DC85-6800F2C5BB30}.Debug|x64.Build.0 = Debug|x64
		{301C9DC7-916C-BCE1-DC85-6800F2C5BB30}.Debug|x86.ActiveCfg = Debug|x64
		{301C9DC7-916C-BCE1-DC85-6800F2C5BB30}.Debug|x86.Build.0 = Debug|x64
		{301C9DC7-916C-BCE1-DC85-6800F2C5BB30}.Release|Any CPU.ActiveCfg = Release|x64
		{301C9DC7-916C-BCE1-DC85-6800F2C5BB30}.Release|Any CPU.Build.0 = Release|x64
		{301C9DC7-916C-BCE1-DC85-6800F2C5BB30}.Release|ARM64.ActiveCfg = Release|ARM64
		{301C9DC7-916C-BCE1-DC85-6800F2C5BB30}.Release|ARM64.Build.0 = Release|ARM64
		{301C9DC7-916C-BCE1-DC85-6800F2C5BB30}.Release|x64.ActiveCfg = Release|x64
		{301C9DC7-916C-BCE1-DC85-6800F2C5BB30}.Release|x64.Build.0 = Release|x64
		{301C9DC7-916C-BCE1-DC85-6800F2C5BB30}.Release|x86.ActiveCfg = Release|x64
		{301C9DC7-916C-BCE1-DC85-6800F2C5BB30}.Release|x86.Build.0 = Release|x64
		{44CA6B5C-6BB5-0003-6D7B-3A021B63494A}.Debug|Any CPU.ActiveCfg = Debug|x64
		{44CA6B5C-6BB5-0003-6D7B-3A021B63494A}.Debug|Any CPU.Build.0 = Debug|x64
		{44CA6B5C-6BB5-0003-6D7B-3A021B63494A}.Debug|ARM64.ActiveCfg = Debug|ARM64
		{44CA6B5C-6BB5-0003-6D7B-3A021B63494A}.Debug|ARM64.Build.0 = Debug|ARM64
		{44CA6B5C-6BB5-0003-6D7B-3A021B63494A}.Debug|x64.ActiveCfg = Debug|x64
		{44CA6B5C-6BB5-0003-6D7B-3A021B63494A}.Debug|x64.Build.0 = Debug|x64
		{44CA6B5C-6BB5-0003-6D7B-3A021B63494A}.Debug|x86.ActiveCfg = Debug|x64
		{44CA6B5C-6BB5-0003-6D7B-3A021B63494A}.Debug|x86.Build.0 = Debug|x64
		{44CA6B5C-6BB5-0003-6D7B-3A021B63494A}.Release|Any CPU.ActiveCfg = Release|x64
		{44CA6B5C-6BB5-0003-6D7B-3A021B63494A}.Release|Any CPU.Build.0 = Release|x64
		{44CA6B5C-6BB5-0003-6D7B-3A021B63494A}.Release|ARM64.ActiveCfg = Release|ARM64
		{44CA6B5C-6BB5-0003-6D7B-3A021B63494A}.Release|ARM64.Build.0 = Release|ARM64
		{44CA6B5C-6BB5-0003-6D7B-3A021B63494A}.Release|x64.ActiveCfg = Release|x64
		{44CA6B5C-6BB5-0003-6D7B-3A021B63494A}.Release|x64.Build.0 = Release|x64
		{44CA6B5C-6BB5-0003-6D7B-3A021B63494A}.Release|x86.ActiveCfg = Release|x64
		{44CA6B5C-6BB5-0003-6D7B-3A021B63494A}.Release|x86.Build.0 = Release|x64
	EndGlobalSection
	GlobalSection(SolutionProperties) = preSolution
		HideSolutionNode = FALSE
	EndGlobalSection
	GlobalSection(NestedProjects) = preSolution
		{C8071225-73B5-4559-A22E-CD057B424A3C} = {CC28D563-3E82-4852-82C0-A06609BB416C}
		{F5A74929-90C7-407C-87F4-D2176ACC2ACC} = {CC28D563-3E82-4852-82C0-A06609BB416C}
		{64AAF73B-1782-4D82-AEB5-868E21516768} = {CC28D563-3E82-4852-82C0-A06609BB416C}
		{FF7ACD54-F730-4F7E-9F58-8B290883ACB7} = {CC28D563-3E82-4852-82C0-A06609BB416C}
		{B5D3A18A-0E0E-4818-A3B5-5AA7AA9B3D25} = {CC28D563-3E82-4852-82C0-A06609BB416C}
		{8E0942C0-BE69-4092-BA4C-D84D6EC37576} = {CC28D563-3E82-4852-82C0-A06609BB416C}
		{01B0715F-F5DE-4B00-9E0E-7E257782CD85} = {CC28D563-3E82-4852-82C0-A06609BB416C}
		{301C9DC7-916C-BCE1-DC85-6800F2C5BB30} = {CC28D563-3E82-4852-82C0-A06609BB416C}
		{44CA6B5C-6BB5-0003-6D7B-3A021B63494A} = {CC28D563-3E82-4852-82C0-A06609BB416C}
	EndGlobalSection
	GlobalSection(ExtensibilityGlobals) = postSolution
		RESX_PrefixTranslations = False
		SolutionGuid = {F7CE53D3-9E91-421C-A7C6-75215998C26C}
	EndGlobalSection
EndGlobal
